{
  "version": 4,
  "terraform_version": "1.16.4",
  "serial": 621,
  "lineage": "e17ea596-2040-e5d6-8fdf-ef62956251fe",
  "outputs": {
    "account_roles": {
      "value": [
        "TEST_CICD_DEMO_TEST_ENGINEER",
        "TEST_CICD_DEMO_TEST_ANALYST"
      ],
      "type": [
        "tuple",
        [
          "string",
          "string"
        ]
      ]
    },
    "database_name": {
      "value": "TEST_CICD_DEMO_TEST",
      "type": "string"
    },
    "schemas": {
      "value": [
        "\"TEST_CICD_DEMO_TEST\".\"BRONZE\"",
        "\"TEST_CICD_DEMO_TEST\".\"DEMO\"",
        "\"TEST_CICD_DEMO_TEST\".\"GOLD\"",
        "\"TEST_CICD_DEMO_TEST\".\"PUBLISHED\"",
        "\"TEST_CICD_DEMO_TEST\".\"SEMANTIC\"",
        "\"TEST_CICD_DEMO_TEST\".\"SILVER\""
      ],
      "type": [
        "tuple",
        [
          "string",
          "string",
          "string",
          "string",
          "string",
          "string"
        ]
      ]
    },
    "warehouse_name": {
      "value": "TEST_CICD_DEMO_TEST_WH",
      "type": "string"
    }
  },
  "resources": [
    {
      "module": "module.analyst_role",
      "mode": "managed",
      "type": "snowflake_account_role",
      "name": "this",
      "provider": "provider[\"registry.terraform.io/snowflakedb/snowflake\"]",
      "instances": [
        {
          "schema_version": 0,
          "attributes": {
            "comment": "Read-only on the GOLD layer in TEST_CICD_DEMO_TEST",
            "fully_qualified_name": "\"TEST_CICD_DEMO_TEST_ANALYST\"",
            "id": "TEST_CICD_DEMO_TEST_ANALYST",
            "name": "TEST_CICD_DEMO_TEST_ANALYST",
            "show_output": [
              {
                "assigned_to_users": 0,
                "comment": "Read-only on the GOLD layer in TEST_CICD_DEMO_TEST",
                "created_on": "2026-09-25 04:34:34.903 -0700 PDT",
                "granted_roles": 0,
                "granted_to_roles": 1,
                "is_current": false,
                "is_default": false,
                "is_from_organization_user_group": false,
                "is_inherited": false,
                "name": "TEST_CICD_DEMO_TEST_ANALYST",
                "owner": "TF_DEPLOY_ROLE"
              }
            ],
            "timeouts": null
          },
          "sensitive_attributes": [],
          "identity_schema_version": 0,
          "private": "eyJlMmJmYjczMC1lY2FhLTExZTYtOGY4OC0zNDM2M2JjN2M0YzAiOnsiY3JlYXRlIjoxMjAwMDAwMDAwMDAwLCJkZWxldGUiOjEyMDAwMDAwMDAwMDAsInJlYWQiOjEyMDAwMDAwMDAwMDAsInVwZGF0ZSI6MTIwMDAwMDAwMDAwMH19"
        }
      ]
    },
    {
      "module": "module.analyst_role",
      "mode": "managed",
      "type": "snowflake_grant_account_role",
      "name": "to_parent",
      "provider": "provider[\"registry.terraform.io/snowflakedb/snowflake\"]",
      "instances": [
        {
          "schema_version": 0,
          "attributes": {
            "id": "\"TEST_CICD_DEMO_TEST_ANALYST\"|ROLE|\"SYSADMIN\"",
            "parent_role_name": "SYSADMIN",
            "role_name": "TEST_CICD_DEMO_TEST_ANALYST",
            "timeouts": null,
            "user_name": null
          },
          "sensitive_attributes": [],
          "identity_schema_version": 0,
          "private": "eyJlMmJmYjczMC1lY2FhLTExZTYtOGY4OC0zNDM2M2JjN2M0YzAiOnsiY3JlYXRlIjoxMjAwMDAwMDAwMDAwLCJkZWxldGUiOjEyMDAwMDAwMDAwMDAsInJlYWQiOjEyMDAwMDAwMDAwMDAsInVwZGF0ZSI6MTIwMDAwMDAwMDAwMH19",
          "dependencies": [
            "module.analyst_role.snowflake_account_role.this"
          ]
        }
      ]
    },
    {
      "module": "module.analyst_role",
      "mode": "managed",
      "type": "snowflake_grant_database_role",
      "name": "this",
      "provider": "provider[\"registry.terraform.io/snowflakedb/snowflake\"]",
      "instances": [
        {
          "index_key": "GOLD",
          "schema_version": 0,
          "attributes": {
            "database_role_name": "\"TEST_CICD_DEMO_TEST\".\"GOLD_RO\"",
            "id": "\"TEST_CICD_DEMO_TEST\".\"GOLD_RO\"|ROLE|\"TEST_CICD_DEMO_TEST_ANALYST\"",
            "parent_database_role_name": null,
            "parent_role_name": "TEST_CICD_DEMO_TEST_ANALYST",
            "share_name": null,
            "timeouts": null
          },
          "sensitive_attributes": [],
          "identity_schema_version": 0,
          "private": "eyJlMmJmYjczMC1lY2FhLTExZTYtOGY4OC0zNDM2M2JjN2M0YzAiOnsiY3JlYXRlIjoxMjAwMDAwMDAwMDAwLCJkZWxldGUiOjEyMDAwMDAwMDAwMDAsInJlYWQiOjEyMDAwMDAwMDAwMDAsInVwZGF0ZSI6MTIwMDAwMDAwMDAwMH19",
          "dependencies": [
            "module.analyst_role.snowflake_account_role.this",
            "module.demo_database.snowflake_database.this",
            "module.demo_database.snowflake_database_role.ro"
          ]
        }
      ]
    },
    {
      "module": "module.analyst_role",
      "mode": "managed",
      "type": "snowflake_grant_privileges_to_account_role",
      "name": "warehouse_usage",
      "provider": "provider[\"registry.terraform.io/snowflakedb/snowflake\"]",
      "instances": [
        {
          "schema_version": 0,
          "attributes": {
            "account_role_name": "TEST_CICD_DEMO_TEST_ANALYST",
            "all_privileges": false,
            "always_apply": false,
            "always_apply_trigger": null,
            "id": "\"TEST_CICD_DEMO_TEST_ANALYST\"|false|false|USAGE|OnAccountObject|WAREHOUSE|\"TEST_CICD_DEMO_TEST_WH\"",
            "on_account": false,
            "on_account_object": [
              {
                "inherited": [],
                "object_name": "TEST_CICD_DEMO_TEST_WH",
                "object_type": "WAREHOUSE"
              }
            ],
            "on_schema": [],
            "on_schema_object": [],
            "privileges": [
              "USAGE"
            ],
            "strict_privilege_management": false,
            "timeouts": null,
            "with_grant_option": false
          },
          "sensitive_attributes": [],
          "identity_schema_version": 0,
          "private": "eyJlMmJmYjczMC1lY2FhLTExZTYtOGY4OC0zNDM2M2JjN2M0YzAiOnsiY3JlYXRlIjoxMjAwMDAwMDAwMDAwLCJkZWxldGUiOjEyMDAwMDAwMDAwMDAsInJlYWQiOjEyMDAwMDAwMDAwMDAsInVwZGF0ZSI6MTIwMDAwMDAwMDAwMH19",
          "dependencies": [
            "module.analyst_role.snowflake_account_role.this",
            "module.warehouse.snowflake_warehouse.this"
          ]
        }
      ]
    },
    {
      "module": "module.demo_database",
      "mode": "managed",
      "type": "snowflake_database",
      "name": "this",
      "provider": "provider[\"registry.terraform.io/snowflakedb/snowflake\"]",
      "instances": [
        {
          "schema_version": 1,
          "attributes": {
            "catalog": "",
            "comment": "CI/CD demo database (test) - managed by Terraform",
            "data_retention_time_in_days": 1,
            "default_ddl_collation": "",
            "default_notebook_compute_pool_cpu": "SYSTEM_COMPUTE_POOL_CPU",
            "default_notebook_compute_pool_gpu": "SYSTEM_COMPUTE_POOL_GPU",
            "drop_public_schema_on_creation": null,
            "enable_console_output": false,
            "external_volume": "",
            "fully_qualified_name": "\"TEST_CICD_DEMO_TEST\"",
            "id": "TEST_CICD_DEMO_TEST",
            "is_transient": false,
            "log_event_level": "OFF",
            "log_level": "OFF",
            "max_data_extension_time_in_days": 14,
            "name": "TEST_CICD_DEMO_TEST",
            "quoted_identifiers_ignore_case": false,
            "replace_invalid_characters": false,
            "replication": [],
            "storage_serialization_policy": "OPTIMIZED",
            "suspend_task_after_num_failures": 10,
            "task_auto_retry_attempts": 0,
            "timeouts": null,
            "trace_level": "OFF",
            "user_task_managed_initial_warehouse_size": "Medium",
            "user_task_minimum_trigger_interval_in_seconds": 30,
            "user_task_timeout_ms": 3600000
          },
          "sensitive_attributes": [],
          "identity_schema_version": 0,
          "private": "eyJlMmJmYjczMC1lY2FhLTExZTYtOGY4OC0zNDM2M2JjN2M0YzAiOnsiY3JlYXRlIjoxMjAwMDAwMDAwMDAwLCJkZWxldGUiOjEyMDAwMDAwMDAwMDAsInJlYWQiOjEyMDAwMDAwMDAwMDAsInVwZGF0ZSI6MTIwMDAwMDAwMDAwMH0sInNjaGVtYV92ZXJzaW9uIjoiMSJ9"
        }
      ]
    },
    {
      "module": "module.demo_database",
      "mode": "managed",
      "type": "snowflake_database_role",
      "name": "ro",
      "provider": "provider[\"registry.terraform.io/snowflakedb/snowflake\"]",
      "instances": [
        {
          "index_key": "BRONZE",
          "schema_version": 1,
          "attributes": {
            "comment": "Read-only access to BRONZE",
            "database": "TEST_CICD_DEMO_TEST",
            "fully_qualified_name": "\"TEST_CICD_DEMO_TEST\".\"BRONZE_RO\"",
            "id": "\"TEST_CICD_DEMO_TEST\".\"BRONZE_RO\"",
            "name": "BRONZE_RO",
            "show_output": [
              {
                "comment": "Read-only access to BRONZE",
                "created_on": "2026-09-25T04:34:36.593-07:00",
                "database_name": "TEST_CICD_DEMO_TEST",
                "granted_database_roles": 0,
                "granted_to_database_roles": 1,
                "granted_to_roles": 0,
                "is_current": false,
                "is_default": false,
                "is_inherited": false,
                "name": "BRONZE_RO",
                "owner": "TF_DEPLOY_ROLE",
                "owner_role_type": "ROLE"
              }
            ],
            "timeouts": null
          },
          "sensitive_attributes": [],
          "identity_schema_version": 0,
          "private": "eyJlMmJmYjczMC1lY2FhLTExZTYtOGY4OC0zNDM2M2JjN2M0YzAiOnsiY3JlYXRlIjoxMjAwMDAwMDAwMDAwLCJkZWxldGUiOjEyMDAwMDAwMDAwMDAsInJlYWQiOjEyMDAwMDAwMDAwMDAsInVwZGF0ZSI6MTIwMDAwMDAwMDAwMH0sInNjaGVtYV92ZXJzaW9uIjoiMSJ9",
          "dependencies": [
            "module.demo_database.snowflake_database.this"
          ]
        },
        {
          "index_key": "DEMO",
          "schema_version": 1,
          "attributes": {
            "comment": "Read-only access to DEMO",
            "database": "TEST_CICD_DEMO_TEST",
            "fully_qualified_name": "\"TEST_CICD_DEMO_TEST\".\"DEMO_RO\"",
            "id": "\"TEST_CICD_DEMO_TEST\".\"DEMO_RO\"",
            "name": "DEMO_RO",
            "show_output": [
              {
                "comment": "Read-only access to DEMO",
                "created_on": "2026-09-25T04:57:11.921-07:00",
                "database_name": "TEST_CICD_DEMO_TEST",
                "granted_database_roles": 0,
                "granted_to_database_roles": 0,
                "granted_to_roles": 0,
                "is_current": false,
                "is_default": false,
                "is_inherited": false,
                "name": "DEMO_RO",
                "owner": "TF_DEPLOY_ROLE",
                "owner_role_type": "ROLE"
              }
            ],
            "timeouts": null
          },
          "sensitive_attributes": [],
          "identity_schema_version": 0,
          "private": "eyJlMmJmYjczMC1lY2FhLTExZTYtOGY4OC0zNDM2M2JjN2M0YzAiOnsiY3JlYXRlIjoxMjAwMDAwMDAwMDAwLCJkZWxldGUiOjEyMDAwMDAwMDAwMDAsInJlYWQiOjEyMDAwMDAwMDAwMDAsInVwZGF0ZSI6MTIwMDAwMDAwMDAwMH0sInNjaGVtYV92ZXJzaW9uIjoiMSJ9",
          "dependencies": [
            "module.demo_database.snowflake_database.this"
          ]
        },
        {
          "index_key": "GOLD",
          "schema_version": 1,
          "attributes": {
            "comment": "Read-only access to GOLD",
            "database": "TEST_CICD_DEMO_TEST",
            "fully_qualified_name": "\"TEST_CICD_DEMO_TEST\".\"GOLD_RO\"",
            "id": "\"TEST_CICD_DEMO_TEST\".\"GOLD_RO\"",
            "name": "GOLD_RO",
            "show_output": [
              {
                "comment": "Read-only access to GOLD",
                "created_on": "2026-09-25T04:34:36.599-07:00",
                "database_name": "TEST_CICD_DEMO_TEST",
                "granted_database_roles": 0,
                "granted_to_database_roles": 1,
                "granted_to_roles": 1,
                "is_current": false,
                "is_default": false,
                "is_inherited": false,
                "name": "GOLD_RO",
                "owner": "TF_DEPLOY_ROLE",
                "owner_role_type": "ROLE"
              }
            ],
            "timeouts": null
          },
          "sensitive_attributes": [],
          "identity_schema_version": 0,
          "private": "eyJlMmJmYjczMC1lY2FhLTExZTYtOGY4OC0zNDM2M2JjN2M0YzAiOnsiY3JlYXRlIjoxMjAwMDAwMDAwMDAwLCJkZWxldGUiOjEyMDAwMDAwMDAwMDAsInJlYWQiOjEyMDAwMDAwMDAwMDAsInVwZGF0ZSI6MTIwMDAwMDAwMDAwMH0sInNjaGVtYV92ZXJzaW9uIjoiMSJ9",
          "dependencies": [
            "module.demo_database.snowflake_database.this"
          ]
        },
        {
          "index_key": "PUBLISHED",
          "schema_version": 1,
          "attributes": {
            "comment": "Read-only access to PUBLISHED",
            "database": "TEST_CICD_DEMO_TEST",
            "fully_qualified_name": "\"TEST_CICD_DEMO_TEST\".\"PUBLISHED_RO\"",
            "id": "\"TEST_CICD_DEMO_TEST\".\"PUBLISHED_RO\"",
            "name": "PUBLISHED_RO",
            "show_output": [
              {
                "comment": "Read-only access to PUBLISHED",
                "created_on": "2026-09-25T04:34:36.615-07:00",
                "database_name": "TEST_CICD_DEMO_TEST",
                "granted_database_roles": 0,
                "granted_to_database_roles": 1,
                "granted_to_roles": 0,
                "is_current": false,
                "is_default": false,
                "is_inherited": false,
                "name": "PUBLISHED_RO",
                "owner": "TF_DEPLOY_ROLE",
                "owner_role_type": "ROLE"
              }
            ],
            "timeouts": null
          },
          "sensitive_attributes": [],
          "identity_schema_version": 0,
          "private": "eyJlMmJmYjczMC1lY2FhLTExZTYtOGY4OC0zNDM2M2JjN2M0YzAiOnsiY3JlYXRlIjoxMjAwMDAwMDAwMDAwLCJkZWxldGUiOjEyMDAwMDAwMDAwMDAsInJlYWQiOjEyMDAwMDAwMDAwMDAsInVwZGF0ZSI6MTIwMDAwMDAwMDAwMH0sInNjaGVtYV92ZXJzaW9uIjoiMSJ9",
          "dependencies": [
            "module.demo_database.snowflake_database.this"
          ]
        },
        {
          "index_key": "SEMANTIC",
          "schema_version": 1,
          "attributes": {
            "comment": "Read-only access to SEMANTIC",
            "database": "TEST_CICD_DEMO_TEST",
            "fully_qualified_name": "\"TEST_CICD_DEMO_TEST\".\"SEMANTIC_RO\"",
            "id": "\"TEST_CICD_DEMO_TEST\".\"SEMANTIC_RO\"",
            "name": "SEMANTIC_RO",
            "show_output": [
              {
                "comment": "Read-only access to SEMANTIC",
                "created_on": "2026-09-25T04:34:36.052-07:00",
                "database_name": "TEST_CICD_DEMO_TEST",
                "granted_database_roles": 0,
                "granted_to_database_roles": 1,
                "granted_to_roles": 0,
                "is_current": false,
                "is_default": false,
                "is_inherited": false,
                "name": "SEMANTIC_RO",
                "owner": "TF_DEPLOY_ROLE",
                "owner_role_type": "ROLE"
              }
            ],
            "timeouts": null
          },
          "sensitive_attributes": [],
          "identity_schema_version": 0,
          "private": "eyJlMmJmYjczMC1lY2FhLTExZTYtOGY4OC0zNDM2M2JjN2M0YzAiOnsiY3JlYXRlIjoxMjAwMDAwMDAwMDAwLCJkZWxldGUiOjEyMDAwMDAwMDAwMDAsInJlYWQiOjEyMDAwMDAwMDAwMDAsInVwZGF0ZSI6MTIwMDAwMDAwMDAwMH0sInNjaGVtYV92ZXJzaW9uIjoiMSJ9",
          "dependencies": [
            "module.demo_database.snowflake_database.this"
          ]
        },
        {
          "index_key": "SILVER",
          "schema_version": 1,
          "attributes": {
            "comment": "Read-only access to SILVER",
            "database": "TEST_CICD_DEMO_TEST",
            "fully_qualified_name": "\"TEST_CICD_DEMO_TEST\".\"SILVER_RO\"",
            "id": "\"TEST_CICD_DEMO_TEST\".\"SILVER_RO\"",
            "name": "SILVER_RO",
            "show_output": [
              {
                "comment": "Read-only access to SILVER",
                "created_on": "2026-09-25T04:34:36.622-07:00",
                "database_name": "TEST_CICD_DEMO_TEST",
                "granted_database_roles": 0,
                "granted_to_database_roles": 1,
                "granted_to_roles": 0,
                "is_current": false,
                "is_default": false,
                "is_inherited": false,
                "name": "SILVER_RO",
                "owner": "TF_DEPLOY_ROLE",
                "owner_role_type": "ROLE"
              }
            ],
            "timeouts": null
          },
          "sensitive_attributes": [],
          "identity_schema_version": 0,
          "private": "eyJlMmJmYjczMC1lY2FhLTExZTYtOGY4OC0zNDM2M2JjN2M0YzAiOnsiY3JlYXRlIjoxMjAwMDAwMDAwMDAwLCJkZWxldGUiOjEyMDAwMDAwMDAwMDAsInJlYWQiOjEyMDAwMDAwMDAwMDAsInVwZGF0ZSI6MTIwMDAwMDAwMDAwMH0sInNjaGVtYV92ZXJzaW9uIjoiMSJ9",
          "dependencies": [
            "module.demo_database.snowflake_database.this"
          ]
        }
      ]
    },
    {
      "module": "module.demo_database",
      "mode": "managed",
      "type": "snowflake_database_role",
      "name": "rw",
      "provider": "provider[\"registry.terraform.io/snowflakedb/snowflake\"]",
      "instances": [
        {
          "index_key": "BRONZE",
          "schema_version": 1,
          "attributes": {
            "comment": "Read/write access to BRONZE",
            "database": "TEST_CICD_DEMO_TEST",
            "fully_qualified_name": "\"TEST_CICD_DEMO_TEST\".\"BRONZE_RW\"",
            "id": "\"TEST_CICD_DEMO_TEST\".\"BRONZE_RW\"",
            "name": "BRONZE_RW",
            "show_output": [
              {
                "comment": "Read/write access to BRONZE",
                "created_on": "2026-09-25T04:34:36.403-07:00",
                "database_name": "TEST_CICD_DEMO_TEST",
                "granted_database_roles": 1,
                "granted_to_database_roles": 0,
                "granted_to_roles": 1,
                "is_current": false,
                "is_default": false,
                "is_inherited": false,
                "name": "BRONZE_RW",
                "owner": "TF_DEPLOY_ROLE",
                "owner_role_type": "ROLE"
              }
            ],
            "timeouts": null
          },
          "sensitive_attributes": [],
          "identity_schema_version": 0,
          "private": "eyJlMmJmYjczMC1lY2FhLTExZTYtOGY4OC0zNDM2M2JjN2M0YzAiOnsiY3JlYXRlIjoxMjAwMDAwMDAwMDAwLCJkZWxldGUiOjEyMDAwMDAwMDAwMDAsInJlYWQiOjEyMDAwMDAwMDAwMDAsInVwZGF0ZSI6MTIwMDAwMDAwMDAwMH0sInNjaGVtYV92ZXJzaW9uIjoiMSJ9",
          "dependencies": [
            "module.demo_database.snowflake_database.this"
          ]
        },
        {
          "index_key": "DEMO",
          "schema_version": 1,
          "attributes": {
            "comment": "Read/write access to DEMO",
            "database": "TEST_CICD_DEMO_TEST",
            "fully_qualified_name": "\"TEST_CICD_DEMO_TEST\".\"DEMO_RW\"",
            "id": "\"TEST_CICD_DEMO_TEST\".\"DEMO_RW\"",
            "name": "DEMO_RW",
            "show_output": [
              {
                "comment": "Read/write access to DEMO",
                "created_on": "2026-09-25T04:57:11.524-07:00",
                "database_name": "TEST_CICD_DEMO_TEST",
                "granted_database_roles": 0,
                "granted_to_database_roles": 0,
                "granted_to_roles": 0,
                "is_current": false,
                "is_default": false,
                "is_inherited": false,
                "name": "DEMO_RW",
                "owner": "TF_DEPLOY_ROLE",
                "owner_role_type": "ROLE"
              }
            ],
            "timeouts": null
          },
          "sensitive_attributes": [],
          "identity_schema_version": 0,
          "private": "eyJlMmJmYjczMC1lY2FhLTExZTYtOGY4OC0zNDM2M2JjN2M0YzAiOnsiY3JlYXRlIjoxMjAwMDAwMDAwMDAwLCJkZWxldGUiOjEyMDAwMDAwMDAwMDAsInJlYWQiOjEyMDAwMDAwMDAwMDAsInVwZGF0ZSI6MTIwMDAwMDAwMDAwMH0sInNjaGVtYV92ZXJzaW9uIjoiMSJ9",
          "dependencies": [
            "module.demo_database.snowflake_database.this"
          ]
        },
        {
          "index_key": "GOLD",
          "schema_version": 1,
          "attributes": {
            "comment": "Read/write access to GOLD",
            "database": "TEST_CICD_DEMO_TEST",
            "fully_qualified_name": "\"TEST_CICD_DEMO_TEST\".\"GOLD_RW\"",
            "id": "\"TEST_CICD_DEMO_TEST\".\"GOLD_RW\"",
            "name": "GOLD_RW",
            "show_output": [
              {
                "comment": "Read/write access to GOLD",
                "created_on": "2026-09-25T04:34:36.599-07:00",
                "database_name": "TEST_CICD_DEMO_TEST",
                "granted_database_roles": 1,
                "granted_to_database_roles": 0,
                "granted_to_roles": 1,
                "is_current": false,
                "is_default": false,
                "is_inherited": false,
                "name": "GOLD_RW",
                "owner": "TF_DEPLOY_ROLE",
                "owner_role_type": "ROLE"
              }
            ],
            "timeouts": null
          },
          "sensitive_attributes": [],
          "identity_schema_version": 0,
          "private": "eyJlMmJmYjczMC1lY2FhLTExZTYtOGY4OC0zNDM2M2JjN2M0YzAiOnsiY3JlYXRlIjoxMjAwMDAwMDAwMDAwLCJkZWxldGUiOjEyMDAwMDAwMDAwMDAsInJlYWQiOjEyMDAwMDAwMDAwMDAsInVwZGF0ZSI6MTIwMDAwMDAwMDAwMH0sInNjaGVtYV92ZXJzaW9uIjoiMSJ9",
          "dependencies": [
            "module.demo_database.snowflake_database.this"
          ]
        },
        {
          "index_key": "PUBLISHED",
          "schema_version": 1,
          "attributes": {
            "comment": "Read/write access to PUBLISHED",
            "database": "TEST_CICD_DEMO_TEST",
            "fully_qualified_name": "\"TEST_CICD_DEMO_TEST\".\"PUBLISHED_RW\"",
            "id": "\"TEST_CICD_DEMO_TEST\".\"PUBLISHED_RW\"",
            "name": "PUBLISHED_RW",
            "show_output": [
              {
                "comment": "Read/write access to PUBLISHED",
                "created_on": "2026-09-25T04:34:36.068-07:00",
                "database_name": "TEST_CICD_DEMO_TEST",
                "granted_database_roles": 1,
                "granted_to_database_roles": 0,
                "granted_to_roles": 1,
                "is_current": false,
                "is_default": false,
                "is_inherited": false,
                "name": "PUBLISHED_RW",
                "owner": "TF_DEPLOY_ROLE",
                "owner_role_type": "ROLE"
              }
            ],
            "timeouts": null
          },
          "sensitive_attributes": [],
          "identity_schema_version": 0,
          "private": "eyJlMmJmYjczMC1lY2FhLTExZTYtOGY4OC0zNDM2M2JjN2M0YzAiOnsiY3JlYXRlIjoxMjAwMDAwMDAwMDAwLCJkZWxldGUiOjEyMDAwMDAwMDAwMDAsInJlYWQiOjEyMDAwMDAwMDAwMDAsInVwZGF0ZSI6MTIwMDAwMDAwMDAwMH0sInNjaGVtYV92ZXJzaW9uIjoiMSJ9",
          "dependencies": [
            "module.demo_database.snowflake_database.this"
          ]
        },
        {
          "index_key": "SEMANTIC",
          "schema_version": 1,
          "attributes": {
            "comment": "Read/write access to SEMANTIC",
            "database": "TEST_CICD_DEMO_TEST",
            "fully_qualified_name": "\"TEST_CICD_DEMO_TEST\".\"SEMANTIC_RW\"",
            "id": "\"TEST_CICD_DEMO_TEST\".\"SEMANTIC_RW\"",
            "name": "SEMANTIC_RW",
            "show_output": [
              {
                "comment": "Read/write access to SEMANTIC",
                "created_on": "2026-09-25T04:34:36.053-07:00",
                "database_name": "TEST_CICD_DEMO_TEST",
                "granted_database_roles": 1,
                "granted_to_database_roles": 0,
                "granted_to_roles": 1,
                "is_current": false,
                "is_default": false,
                "is_inherited": false,
                "name": "SEMANTIC_RW",
                "owner": "TF_DEPLOY_ROLE",
                "owner_role_type": "ROLE"
              }
            ],
            "timeouts": null
          },
          "sensitive_attributes": [],
          "identity_schema_version": 0,
          "private": "eyJlMmJmYjczMC1lY2FhLTExZTYtOGY4OC0zNDM2M2JjN2M0YzAiOnsiY3JlYXRlIjoxMjAwMDAwMDAwMDAwLCJkZWxldGUiOjEyMDAwMDAwMDAwMDAsInJlYWQiOjEyMDAwMDAwMDAwMDAsInVwZGF0ZSI6MTIwMDAwMDAwMDAwMH0sInNjaGVtYV92ZXJzaW9uIjoiMSJ9",
          "dependencies": [
            "module.demo_database.snowflake_database.this"
          ]
        },
        {
          "index_key": "SILVER",
          "schema_version": 1,
          "attributes": {
            "comment": "Read/write access to SILVER",
            "database": "TEST_CICD_DEMO_TEST",
            "fully_qualified_name": "\"TEST_CICD_DEMO_TEST\".\"SILVER_RW\"",
            "id": "\"TEST_CICD_DEMO_TEST\".\"SILVER_RW\"",
            "name": "SILVER_RW",
            "show_output": [
              {
                "comment": "Read/write access to SILVER",
                "created_on": "2026-09-25T04:34:36.456-07:00",
                "database_name": "TEST_CICD_DEMO_TEST",
                "granted_database_roles": 1,
                "granted_to_database_roles": 0,
                "granted_to_roles": 1,
                "is_current": false,
                "is_default": false,
                "is_inherited": false,
                "name": "SILVER_RW",
                "owner": "TF_DEPLOY_ROLE",
                "owner_role_type": "ROLE"
              }
            ],
            "timeouts": null
          },
          "sensitive_attributes": [],
          "identity_schema_version": 0,
          "private": "eyJlMmJmYjczMC1lY2FhLTExZTYtOGY4OC0zNDM2M2JjN2M0YzAiOnsiY3JlYXRlIjoxMjAwMDAwMDAwMDAwLCJkZWxldGUiOjEyMDAwMDAwMDAwMDAsInJlYWQiOjEyMDAwMDAwMDAwMDAsInVwZGF0ZSI6MTIwMDAwMDAwMDAwMH0sInNjaGVtYV92ZXJzaW9uIjoiMSJ9",
          "dependencies": [
            "module.demo_database.snowflake_database.this"
          ]
        }
      ]
    },
    {
      "module": "module.demo_database",
      "mode": "managed",
      "type": "snowflake_grant_database_role",
      "name": "ro_to_rw",
      "provider": "provider[\"registry.terraform.io/snowflakedb/snowflake\"]",
      "instances": [
        {
          "index_key": "BRONZE",
          "schema_version": 0,
          "attributes": {
            "database_role_name": "\"TEST_CICD_DEMO_TEST\".\"BRONZE_RO\"",
            "id": "\"TEST_CICD_DEMO_TEST\".\"BRONZE_RO\"|DATABASE ROLE|\"TEST_CICD_DEMO_TEST\".\"BRONZE_RW\"",
            "parent_database_role_name": "\"TEST_CICD_DEMO_TEST\".\"BRONZE_RW\"",
            "parent_role_name": null,
            "share_name": null,
            "timeouts": null
          },
          "sensitive_attributes": [],
          "identity_schema_version": 0,
          "private": "eyJlMmJmYjczMC1lY2FhLTExZTYtOGY4OC0zNDM2M2JjN2M0YzAiOnsiY3JlYXRlIjoxMjAwMDAwMDAwMDAwLCJkZWxldGUiOjEyMDAwMDAwMDAwMDAsInJlYWQiOjEyMDAwMDAwMDAwMDAsInVwZGF0ZSI6MTIwMDAwMDAwMDAwMH19",
          "dependencies": [
            "module.demo_database.snowflake_database.this",
            "module.demo_database.snowflake_database_role.ro",
            "module.demo_database.snowflake_database_role.rw"
          ]
        },
        {
          "index_key": "DEMO",
          "schema_version": 0,
          "attributes": {
            "database_role_name": "\"TEST_CICD_DEMO_TEST\".\"DEMO_RO\"",
            "id": "\"TEST_CICD_DEMO_TEST\".\"DEMO_RO\"|DATABASE ROLE|\"TEST_CICD_DEMO_TEST\".\"DEMO_RW\"",
            "parent_database_role_name": "\"TEST_CICD_DEMO_TEST\".\"DEMO_RW\"",
            "parent_role_name": null,
            "share_name": null,
            "timeouts": null
          },
          "sensitive_attributes": [],
          "identity_schema_version": 0,
          "private": "eyJlMmJmYjczMC1lY2FhLTExZTYtOGY4OC0zNDM2M2JjN2M0YzAiOnsiY3JlYXRlIjoxMjAwMDAwMDAwMDAwLCJkZWxldGUiOjEyMDAwMDAwMDAwMDAsInJlYWQiOjEyMDAwMDAwMDAwMDAsInVwZGF0ZSI6MTIwMDAwMDAwMDAwMH19",
          "dependencies": [
            "module.demo_database.snowflake_database.this",
            "module.demo_database.snowflake_database_role.ro",
            "module.demo_database.snowflake_database_role.rw"
          ]
        },
        {
          "index_key": "GOLD",
          "schema_version": 0,
          "attributes": {
            "database_role_name": "\"TEST_CICD_DEMO_TEST\".\"GOLD_RO\"",
            "id": "\"TEST_CICD_DEMO_TEST\".\"GOLD_RO\"|DATABASE ROLE|\"TEST_CICD_DEMO_TEST\".\"GOLD_RW\"",
            "parent_database_role_name": "\"TEST_CICD_DEMO_TEST\".\"GOLD_RW\"",
            "parent_role_name": null,
            "share_name": null,
            "timeouts": null
          },
          "sensitive_attributes": [],
          "identity_schema_version": 0,
          "private": "eyJlMmJmYjczMC1lY2FhLTExZTYtOGY4OC0zNDM2M2JjN2M0YzAiOnsiY3JlYXRlIjoxMjAwMDAwMDAwMDAwLCJkZWxldGUiOjEyMDAwMDAwMDAwMDAsInJlYWQiOjEyMDAwMDAwMDAwMDAsInVwZGF0ZSI6MTIwMDAwMDAwMDAwMH19",
          "dependencies": [
            "module.demo_database.snowflake_database.this",
            "module.demo_database.snowflake_database_role.ro",
            "module.demo_database.snowflake_database_role.rw"
          ]
        },
        {
          "index_key": "PUBLISHED",
          "schema_version": 0,
          "attributes": {
            "database_role_name": "\"TEST_CICD_DEMO_TEST\".\"PUBLISHED_RO\"",
            "id": "\"TEST_CICD_DEMO_TEST\".\"PUBLISHED_RO\"|DATABASE ROLE|\"TEST_CICD_DEMO_TEST\".\"PUBLISHED_RW\"",
            "parent_database_role_name": "\"TEST_CICD_DEMO_TEST\".\"PUBLISHED_RW\"",
            "parent_role_name": null,
            "share_name": null,
            "timeouts": null
          },
          "sensitive_attributes": [],
          "identity_schema_version": 0,
          "private": "eyJlMmJmYjczMC1lY2FhLTExZTYtOGY4OC0zNDM2M2JjN2M0YzAiOnsiY3JlYXRlIjoxMjAwMDAwMDAwMDAwLCJkZWxldGUiOjEyMDAwMDAwMDAwMDAsInJlYWQiOjEyMDAwMDAwMDAwMDAsInVwZGF0ZSI6MTIwMDAwMDAwMDAwMH19",
          "dependencies": [
            "module.demo_database.snowflake_database.this",
            "module.demo_database.snowflake_database_role.ro",
            "module.demo_database.snowflake_database_role.rw"
          ]
        },
        {
          "index_key": "SEMANTIC",
          "schema_version": 0,
          "attributes": {
            "database_role_name": "\"TEST_CICD_DEMO_TEST\".\"SEMANTIC_RO\"",
            "id": "\"TEST_CICD_DEMO_TEST\".\"SEMANTIC_RO\"|DATABASE ROLE|\"TEST_CICD_DEMO_TEST\".\"SEMANTIC_RW\"",
            "parent_database_role_name": "\"TEST_CICD_DEMO_TEST\".\"SEMANTIC_RW\"",
            "parent_role_name": null,
            "share_name": null,
            "timeouts": null
          },
          "sensitive_attributes": [],
          "identity_schema_version": 0,
          "private": "eyJlMmJmYjczMC1lY2FhLTExZTYtOGY4OC0zNDM2M2JjN2M0YzAiOnsiY3JlYXRlIjoxMjAwMDAwMDAwMDAwLCJkZWxldGUiOjEyMDAwMDAwMDAwMDAsInJlYWQiOjEyMDAwMDAwMDAwMDAsInVwZGF0ZSI6MTIwMDAwMDAwMDAwMH19",
          "dependencies": [
            "module.demo_database.snowflake_database.this",
            "module.demo_database.snowflake_database_role.ro",
            "module.demo_database.snowflake_database_role.rw"
          ]
        },
        {
          "index_key": "SILVER",
          "schema_version": 0,
          "attributes": {
            "database_role_name": "\"TEST_CICD_DEMO_TEST\".\"SILVER_RO\"",
            "id": "\"TEST_CICD_DEMO_TEST\".\"SILVER_RO\"|DATABASE ROLE|\"TEST_CICD_DEMO_TEST\".\"SILVER_RW\"",
            "parent_database_role_name": "\"TEST_CICD_DEMO_TEST\".\"SILVER_RW\"",
            "parent_role_name": null,
            "share_name": null,
            "timeouts": null
          },
          "sensitive_attributes": [],
          "identity_schema_version": 0,
          "private": "eyJlMmJmYjczMC1lY2FhLTExZTYtOGY4OC0zNDM2M2JjN2M0YzAiOnsiY3JlYXRlIjoxMjAwMDAwMDAwMDAwLCJkZWxldGUiOjEyMDAwMDAwMDAwMDAsInJlYWQiOjEyMDAwMDAwMDAwMDAsInVwZGF0ZSI6MTIwMDAwMDAwMDAwMH19",
          "dependencies": [
            "module.demo_database.snowflake_database.this",
            "module.demo_database.snowflake_database_role.ro",
            "module.demo_database.snowflake_database_role.rw"
          ]
        }
      ]
    },
    {
      "module": "module.demo_database",
      "mode": "managed",
      "type": "snowflake_grant_privileges_to_database_role",
      "name": "ro_database_usage",
      "provider": "provider[\"registry.terraform.io/snowflakedb/snowflake\"]",
      "instances": [
        {
          "index_key": "BRONZE",
          "schema_version": 0,
          "attributes": {
            "all_privileges": false,
            "always_apply": false,
            "always_apply_trigger": null,
            "database_role_name": "\"TEST_CICD_DEMO_TEST\".\"BRONZE_RO\"",
            "id": "\"TEST_CICD_DEMO_TEST\".\"BRONZE_RO\"|false|false|USAGE|OnDatabase|\"TEST_CICD_DEMO_TEST\"",
            "on_database": "TEST_CICD_DEMO_TEST",
            "on_schema": [],
            "on_schema_object": [],
            "privileges": [
              "USAGE"
            ],
            "timeouts": null,
            "with_grant_option": false
          },
          "sensitive_attributes": [],
          "identity_schema_version": 0,
          "private": "eyJlMmJmYjczMC1lY2FhLTExZTYtOGY4OC0zNDM2M2JjN2M0YzAiOnsiY3JlYXRlIjoxMjAwMDAwMDAwMDAwLCJkZWxldGUiOjEyMDAwMDAwMDAwMDAsInJlYWQiOjEyMDAwMDAwMDAwMDAsInVwZGF0ZSI6MTIwMDAwMDAwMDAwMH19",
          "dependencies": [
            "module.demo_database.snowflake_database.this",
            "module.demo_database.snowflake_database_role.ro"
          ]
        },
        {
          "index_key": "DEMO",
          "schema_version": 0,
          "attributes": {
            "all_privileges": false,
            "always_apply": false,
            "always_apply_trigger": null,
            "database_role_name": "\"TEST_CICD_DEMO_TEST\".\"DEMO_RO\"",
            "id": "\"TEST_CICD_DEMO_TEST\".\"DEMO_RO\"|false|false|USAGE|OnDatabase|\"TEST_CICD_DEMO_TEST\"",
            "on_database": "TEST_CICD_DEMO_TEST",
            "on_schema": [],
            "on_schema_object": [],
            "privileges": [
              "USAGE"
            ],
            "timeouts": null,
            "with_grant_option": false
          },
          "sensitive_attributes": [],
          "identity_schema_version": 0,
          "private": "eyJlMmJmYjczMC1lY2FhLTExZTYtOGY4OC0zNDM2M2JjN2M0YzAiOnsiY3JlYXRlIjoxMjAwMDAwMDAwMDAwLCJkZWxldGUiOjEyMDAwMDAwMDAwMDAsInJlYWQiOjEyMDAwMDAwMDAwMDAsInVwZGF0ZSI6MTIwMDAwMDAwMDAwMH19",
          "dependencies": [
            "module.demo_database.snowflake_database.this",
            "module.demo_database.snowflake_database_role.ro"
          ]
        },
        {
          "index_key": "GOLD",
          "schema_version": 0,
          "attributes": {
            "all_privileges": false,
            "always_apply": false,
            "always_apply_trigger": null,
            "database_role_name": "\"TEST_CICD_DEMO_TEST\".\"GOLD_RO\"",
            "id": "\"TEST_CICD_DEMO_TEST\".\"GOLD_RO\"|false|false|USAGE|OnDatabase|\"TEST_CICD_DEMO_TEST\"",
            "on_database": "TEST_CICD_DEMO_TEST",
            "on_schema": [],
            "on_schema_object": [],
            "privileges": [
              "USAGE"
            ],
            "timeouts": null,
            "with_grant_option": false
          },
          "sensitive_attributes": [],
          "identity_schema_version": 0,
          "private": "eyJlMmJmYjczMC1lY2FhLTExZTYtOGY4OC0zNDM2M2JjN2M0YzAiOnsiY3JlYXRlIjoxMjAwMDAwMDAwMDAwLCJkZWxldGUiOjEyMDAwMDAwMDAwMDAsInJlYWQiOjEyMDAwMDAwMDAwMDAsInVwZGF0ZSI6MTIwMDAwMDAwMDAwMH19",
          "dependencies": [
            "module.demo_database.snowflake_database.this",
            "module.demo_database.snowflake_database_role.ro"
          ]
        },
        {
          "index_key": "PUBLISHED",
          "schema_version": 0,
          "attributes": {
            "all_privileges": false,
            "always_apply": false,
            "always_apply_trigger": null,
            "database_role_name": "\"TEST_CICD_DEMO_TEST\".\"PUBLISHED_RO\"",
            "id": "\"TEST_CICD_DEMO_TEST\".\"PUBLISHED_RO\"|false|false|USAGE|OnDatabase|\"TEST_CICD_DEMO_TEST\"",
            "on_database": "TEST_CICD_DEMO_TEST",
            "on_schema": [],
            "on_schema_object": [],
            "privileges": [
              "USAGE"
            ],
            "timeouts": null,
            "with_grant_option": false
          },
          "sensitive_attributes": [],
          "identity_schema_version": 0,
          "private": "eyJlMmJmYjczMC1lY2FhLTExZTYtOGY4OC0zNDM2M2JjN2M0YzAiOnsiY3JlYXRlIjoxMjAwMDAwMDAwMDAwLCJkZWxldGUiOjEyMDAwMDAwMDAwMDAsInJlYWQiOjEyMDAwMDAwMDAwMDAsInVwZGF0ZSI6MTIwMDAwMDAwMDAwMH19",
          "dependencies": [
            "module.demo_database.snowflake_database.this",
            "module.demo_database.snowflake_database_role.ro"
          ]
        },
        {
          "index_key": "SEMANTIC",
          "schema_version": 0,
          "attributes": {
            "all_privileges": false,
            "always_apply": false,
            "always_apply_trigger": null,
            "database_role_name": "\"TEST_CICD_DEMO_TEST\".\"SEMANTIC_RO\"",
            "id": "\"TEST_CICD_DEMO_TEST\".\"SEMANTIC_RO\"|false|false|USAGE|OnDatabase|\"TEST_CICD_DEMO_TEST\"",
            "on_database": "TEST_CICD_DEMO_TEST",
            "on_schema": [],
            "on_schema_object": [],
            "privileges": [
              "USAGE"
            ],
            "timeouts": null,
            "with_grant_option": false
          },
          "sensitive_attributes": [],
          "identity_schema_version": 0,
          "private": "eyJlMmJmYjczMC1lY2FhLTExZTYtOGY4OC0zNDM2M2JjN2M0YzAiOnsiY3JlYXRlIjoxMjAwMDAwMDAwMDAwLCJkZWxldGUiOjEyMDAwMDAwMDAwMDAsInJlYWQiOjEyMDAwMDAwMDAwMDAsInVwZGF0ZSI6MTIwMDAwMDAwMDAwMH19",
          "dependencies": [
            "module.demo_database.snowflake_database.this",
            "module.demo_database.snowflake_database_role.ro"
          ]
        },
        {
          "index_key": "SILVER",
          "schema_version": 0,
          "attributes": {
            "all_privileges": false,
            "always_apply": false,
            "always_apply_trigger": null,
            "database_role_name": "\"TEST_CICD_DEMO_TEST\".\"SILVER_RO\"",
            "id": "\"TEST_CICD_DEMO_TEST\".\"SILVER_RO\"|false|false|USAGE|OnDatabase|\"TEST_CICD_DEMO_TEST\"",
            "on_database": "TEST_CICD_DEMO_TEST",
            "on_schema": [],
            "on_schema_object": [],
            "privileges": [
              "USAGE"
            ],
            "timeouts": null,
            "with_grant_option": false
          },
          "sensitive_attributes": [],
          "identity_schema_version": 0,
          "private": "eyJlMmJmYjczMC1lY2FhLTExZTYtOGY4OC0zNDM2M2JjN2M0YzAiOnsiY3JlYXRlIjoxMjAwMDAwMDAwMDAwLCJkZWxldGUiOjEyMDAwMDAwMDAwMDAsInJlYWQiOjEyMDAwMDAwMDAwMDAsInVwZGF0ZSI6MTIwMDAwMDAwMDAwMH19",
          "dependencies": [
            "module.demo_database.snowflake_database.this",
            "module.demo_database.snowflake_database_role.ro"
          ]
        }
      ]
    },
    {
      "module": "module.demo_database",
      "mode": "managed",
      "type": "snowflake_grant_privileges_to_database_role",
      "name": "ro_future_tables",
      "provider": "provider[\"registry.terraform.io/snowflakedb/snowflake\"]",
      "instances": [
        {
          "index_key": "BRONZE",
          "schema_version": 0,
          "attributes": {
            "all_privileges": false,
            "always_apply": false,
            "always_apply_trigger": null,
            "database_role_name": "\"TEST_CICD_DEMO_TEST\".\"BRONZE_RO\"",
            "id": "\"TEST_CICD_DEMO_TEST\".\"BRONZE_RO\"|false|false|SELECT|OnSchemaObject|OnFuture|TABLES|InSchema|\"TEST_CICD_DEMO_TEST\".\"BRONZE\"",
            "on_database": null,
            "on_schema": [],
            "on_schema_object": [
              {
                "all": [],
                "future": [
                  {
                    "in_database": "",
                    "in_schema": "\"TEST_CICD_DEMO_TEST\".\"BRONZE\"",
                    "object_type_plural": "TABLES"
                  }
                ],
                "inherited": [],
                "object_name": "",
                "object_type": ""
              }
            ],
            "privileges": [
              "SELECT"
            ],
            "timeouts": null,
            "with_grant_option": false
          },
          "sensitive_attributes": [],
          "identity_schema_version": 0,
          "private": "eyJlMmJmYjczMC1lY2FhLTExZTYtOGY4OC0zNDM2M2JjN2M0YzAiOnsiY3JlYXRlIjoxMjAwMDAwMDAwMDAwLCJkZWxldGUiOjEyMDAwMDAwMDAwMDAsInJlYWQiOjEyMDAwMDAwMDAwMDAsInVwZGF0ZSI6MTIwMDAwMDAwMDAwMH19",
          "dependencies": [
            "module.demo_database.snowflake_database.this",
            "module.demo_database.snowflake_database_role.ro",
            "module.demo_database.snowflake_schema.this"
          ]
        },
        {
          "index_key": "DEMO",
          "schema_version": 0,
          "attributes": {
            "all_privileges": false,
            "always_apply": false,
            "always_apply_trigger": null,
            "database_role_name": "\"TEST_CICD_DEMO_TEST\".\"DEMO_RO\"",
            "id": "\"TEST_CICD_DEMO_TEST\".\"DEMO_RO\"|false|false|SELECT|OnSchemaObject|OnFuture|TABLES|InSchema|\"TEST_CICD_DEMO_TEST\".\"DEMO\"",
            "on_database": null,
            "on_schema": [],
            "on_schema_object": [
              {
                "all": [],
                "future": [
                  {
                    "in_database": "",
                    "in_schema": "\"TEST_CICD_DEMO_TEST\".\"DEMO\"",
                    "object_type_plural": "TABLES"
                  }
                ],
                "inherited": [],
                "object_name": "",
                "object_type": ""
              }
            ],
            "privileges": [
              "SELECT"
            ],
            "timeouts": null,
            "with_grant_option": false
          },
          "sensitive_attributes": [],
          "identity_schema_version": 0,
          "private": "eyJlMmJmYjczMC1lY2FhLTExZTYtOGY4OC0zNDM2M2JjN2M0YzAiOnsiY3JlYXRlIjoxMjAwMDAwMDAwMDAwLCJkZWxldGUiOjEyMDAwMDAwMDAwMDAsInJlYWQiOjEyMDAwMDAwMDAwMDAsInVwZGF0ZSI6MTIwMDAwMDAwMDAwMH19",
          "dependencies": [
            "module.demo_database.snowflake_database.this",
            "module.demo_database.snowflake_database_role.ro",
            "module.demo_database.snowflake_schema.this"
          ]
        },
        {
          "index_key": "GOLD",
          "schema_version": 0,
          "attributes": {
            "all_privileges": false,
            "always_apply": false,
            "always_apply_trigger": null,
            "database_role_name": "\"TEST_CICD_DEMO_TEST\".\"GOLD_RO\"",
            "id": "\"TEST_CICD_DEMO_TEST\".\"GOLD_RO\"|false|false|SELECT|OnSchemaObject|OnFuture|TABLES|InSchema|\"TEST_CICD_DEMO_TEST\".\"GOLD\"",
            "on_database": null,
            "on_schema": [],
            "on_schema_object": [
              {
                "all": [],
                "future": [
                  {
                    "in_database": "",
                    "in_schema": "\"TEST_CICD_DEMO_TEST\".\"GOLD\"",
                    "object_type_plural": "TABLES"
                  }
                ],
                "inherited": [],
                "object_name": "",
                "object_type": ""
              }
            ],
            "privileges": [
              "SELECT"
            ],
            "timeouts": null,
            "with_grant_option": false
          },
          "sensitive_attributes": [],
          "identity_schema_version": 0,
          "private": "eyJlMmJmYjczMC1lY2FhLTExZTYtOGY4OC0zNDM2M2JjN2M0YzAiOnsiY3JlYXRlIjoxMjAwMDAwMDAwMDAwLCJkZWxldGUiOjEyMDAwMDAwMDAwMDAsInJlYWQiOjEyMDAwMDAwMDAwMDAsInVwZGF0ZSI6MTIwMDAwMDAwMDAwMH19",
          "dependencies": [
            "module.demo_database.snowflake_database.this",
            "module.demo_database.snowflake_database_role.ro",
            "module.demo_database.snowflake_schema.this"
          ]
        },
        {
          "index_key": "PUBLISHED",
          "schema_version": 0,
          "attributes": {
            "all_privileges": false,
            "always_apply": false,
            "always_apply_trigger": null,
            "database_role_name": "\"TEST_CICD_DEMO_TEST\".\"PUBLISHED_RO\"",
            "id": "\"TEST_CICD_DEMO_TEST\".\"PUBLISHED_RO\"|false|false|SELECT|OnSchemaObject|OnFuture|TABLES|InSchema|\"TEST_CICD_DEMO_TEST\".\"PUBLISHED\"",
            "on_database": null,
            "on_schema": [],
            "on_schema_object": [
              {
                "all": [],
                "future": [
                  {
                    "in_database": "",
                    "in_schema": "\"TEST_CICD_DEMO_TEST\".\"PUBLISHED\"",
                    "object_type_plural": "TABLES"
                  }
                ],
                "inherited": [],
                "object_name": "",
                "object_type": ""
              }
            ],
            "privileges": [
              "SELECT"
            ],
            "timeouts": null,
            "with_grant_option": false
          },
          "sensitive_attributes": [],
          "identity_schema_version": 0,
          "private": "eyJlMmJmYjczMC1lY2FhLTExZTYtOGY4OC0zNDM2M2JjN2M0YzAiOnsiY3JlYXRlIjoxMjAwMDAwMDAwMDAwLCJkZWxldGUiOjEyMDAwMDAwMDAwMDAsInJlYWQiOjEyMDAwMDAwMDAwMDAsInVwZGF0ZSI6MTIwMDAwMDAwMDAwMH19",
          "dependencies": [
            "module.demo_database.snowflake_database.this",
            "module.demo_database.snowflake_database_role.ro",
            "module.demo_database.snowflake_schema.this"
          ]
        },
        {
          "index_key": "SEMANTIC",
          "schema_version": 0,
          "attributes": {
            "all_privileges": false,
            "always_apply": false,
            "always_apply_trigger": null,
            "database_role_name": "\"TEST_CICD_DEMO_TEST\".\"SEMANTIC_RO\"",
            "id": "\"TEST_CICD_DEMO_TEST\".\"SEMANTIC_RO\"|false|false|SELECT|OnSchemaObject|OnFuture|TABLES|InSchema|\"TEST_CICD_DEMO_TEST\".\"SEMANTIC\"",
            "on_database": null,
            "on_schema": [],
            "on_schema_object": [
              {
                "all": [],
                "future": [
                  {
                    "in_database": "",
                    "in_schema": "\"TEST_CICD_DEMO_TEST\".\"SEMANTIC\"",
                    "object_type_plural": "TABLES"
                  }
                ],
                "inherited": [],
                "object_name": "",
                "object_type": ""
              }
            ],
            "privileges": [
              "SELECT"
            ],
            "timeouts": null,
            "with_grant_option": false
          },
          "sensitive_attributes": [],
          "identity_schema_version": 0,
          "private": "eyJlMmJmYjczMC1lY2FhLTExZTYtOGY4OC0zNDM2M2JjN2M0YzAiOnsiY3JlYXRlIjoxMjAwMDAwMDAwMDAwLCJkZWxldGUiOjEyMDAwMDAwMDAwMDAsInJlYWQiOjEyMDAwMDAwMDAwMDAsInVwZGF0ZSI6MTIwMDAwMDAwMDAwMH19",
          "dependencies": [
            "module.demo_database.snowflake_database.this",
            "module.demo_database.snowflake_database_role.ro",
            "module.demo_database.snowflake_schema.this"
          ]
        },
        {
          "index_key": "SILVER",
          "schema_version": 0,
          "attributes": {
            "all_privileges": false,
            "always_apply": false,
            "always_apply_trigger": null,
            "database_role_name": "\"TEST_CICD_DEMO_TEST\".\"SILVER_RO\"",
            "id": "\"TEST_CICD_DEMO_TEST\".\"SILVER_RO\"|false|false|SELECT|OnSchemaObject|OnFuture|TABLES|InSchema|\"TEST_CICD_DEMO_TEST\".\"SILVER\"",
            "on_database": null,
            "on_schema": [],
            "on_schema_object": [
              {
                "all": [],
                "future": [
                  {
                    "in_database": "",
                    "in_schema": "\"TEST_CICD_DEMO_TEST\".\"SILVER\"",
                    "object_type_plural": "TABLES"
                  }
                ],
                "inherited": [],
                "object_name": "",
                "object_type": ""
              }
            ],
            "privileges": [
              "SELECT"
            ],
            "timeouts": null,
            "with_grant_option": false
          },
          "sensitive_attributes": [],
          "identity_schema_version": 0,
          "private": "eyJlMmJmYjczMC1lY2FhLTExZTYtOGY4OC0zNDM2M2JjN2M0YzAiOnsiY3JlYXRlIjoxMjAwMDAwMDAwMDAwLCJkZWxldGUiOjEyMDAwMDAwMDAwMDAsInJlYWQiOjEyMDAwMDAwMDAwMDAsInVwZGF0ZSI6MTIwMDAwMDAwMDAwMH19",
          "dependencies": [
            "module.demo_database.snowflake_database.this",
            "module.demo_database.snowflake_database_role.ro",
            "module.demo_database.snowflake_schema.this"
          ]
        }
      ]
    },
    {
      "module": "module.demo_database",
      "mode": "managed",
      "type": "snowflake_grant_privileges_to_database_role",
      "name": "ro_future_views",
      "provider": "provider[\"registry.terraform.io/snowflakedb/snowflake\"]",
      "instances": [
        {
          "index_key": "BRONZE",
          "schema_version": 0,
          "attributes": {
            "all_privileges": false,
            "always_apply": false,
            "always_apply_trigger": null,
            "database_role_name": "\"TEST_CICD_DEMO_TEST\".\"BRONZE_RO\"",
            "id": "\"TEST_CICD_DEMO_TEST\".\"BRONZE_RO\"|false|false|SELECT|OnSchemaObject|OnFuture|VIEWS|InSchema|\"TEST_CICD_DEMO_TEST\".\"BRONZE\"",
            "on_database": null,
            "on_schema": [],
            "on_schema_object": [
              {
                "all": [],
                "future": [
                  {
                    "in_database": "",
                    "in_schema": "\"TEST_CICD_DEMO_TEST\".\"BRONZE\"",
                    "object_type_plural": "VIEWS"
                  }
                ],
                "inherited": [],
                "object_name": "",
                "object_type": ""
              }
            ],
            "privileges": [
              "SELECT"
            ],
            "timeouts": null,
            "with_grant_option": false
          },
          "sensitive_attributes": [],
          "identity_schema_version": 0,
          "private": "eyJlMmJmYjczMC1lY2FhLTExZTYtOGY4OC0zNDM2M2JjN2M0YzAiOnsiY3JlYXRlIjoxMjAwMDAwMDAwMDAwLCJkZWxldGUiOjEyMDAwMDAwMDAwMDAsInJlYWQiOjEyMDAwMDAwMDAwMDAsInVwZGF0ZSI6MTIwMDAwMDAwMDAwMH19",
          "dependencies": [
            "module.demo_database.snowflake_database.this",
            "module.demo_database.snowflake_database_role.ro",
            "module.demo_database.snowflake_schema.this"
          ]
        },
        {
          "index_key": "DEMO",
          "schema_version": 0,
          "attributes": {
            "all_privileges": false,
            "always_apply": false,
            "always_apply_trigger": null,
            "database_role_name": "\"TEST_CICD_DEMO_TEST\".\"DEMO_RO\"",
            "id": "\"TEST_CICD_DEMO_TEST\".\"DEMO_RO\"|false|false|SELECT|OnSchemaObject|OnFuture|VIEWS|InSchema|\"TEST_CICD_DEMO_TEST\".\"DEMO\"",
            "on_database": null,
            "on_schema": [],
            "on_schema_object": [
              {
                "all": [],
                "future": [
                  {
                    "in_database": "",
                    "in_schema": "\"TEST_CICD_DEMO_TEST\".\"DEMO\"",
                    "object_type_plural": "VIEWS"
                  }
                ],
                "inherited": [],
                "object_name": "",
                "object_type": ""
              }
            ],
            "privileges": [
              "SELECT"
            ],
            "timeouts": null,
            "with_grant_option": false
          },
          "sensitive_attributes": [],
          "identity_schema_version": 0,
          "private": "eyJlMmJmYjczMC1lY2FhLTExZTYtOGY4OC0zNDM2M2JjN2M0YzAiOnsiY3JlYXRlIjoxMjAwMDAwMDAwMDAwLCJkZWxldGUiOjEyMDAwMDAwMDAwMDAsInJlYWQiOjEyMDAwMDAwMDAwMDAsInVwZGF0ZSI6MTIwMDAwMDAwMDAwMH19",
          "dependencies": [
            "module.demo_database.snowflake_database.this",
            "module.demo_database.snowflake_database_role.ro",
            "module.demo_database.snowflake_schema.this"
          ]
        },
        {
          "index_key": "GOLD",
          "schema_version": 0,
          "attributes": {
            "all_privileges": false,
            "always_apply": false,
            "always_apply_trigger": null,
            "database_role_name": "\"TEST_CICD_DEMO_TEST\".\"GOLD_RO\"",
            "id": "\"TEST_CICD_DEMO_TEST\".\"GOLD_RO\"|false|false|SELECT|OnSchemaObject|OnFuture|VIEWS|InSchema|\"TEST_CICD_DEMO_TEST\".\"GOLD\"",
            "on_database": null,
            "on_schema": [],
            "on_schema_object": [
              {
                "all": [],
                "future": [
                  {
                    "in_database": "",
                    "in_schema": "\"TEST_CICD_DEMO_TEST\".\"GOLD\"",
                    "object_type_plural": "VIEWS"
                  }
                ],
                "inherited": [],
                "object_name": "",
                "object_type": ""
              }
            ],
            "privileges": [
              "SELECT"
            ],
            "timeouts": null,
            "with_grant_option": false
          },
          "sensitive_attributes": [],
          "identity_schema_version": 0,
          "private": "eyJlMmJmYjczMC1lY2FhLTExZTYtOGY4OC0zNDM2M2JjN2M0YzAiOnsiY3JlYXRlIjoxMjAwMDAwMDAwMDAwLCJkZWxldGUiOjEyMDAwMDAwMDAwMDAsInJlYWQiOjEyMDAwMDAwMDAwMDAsInVwZGF0ZSI6MTIwMDAwMDAwMDAwMH19",
          "dependencies": [
            "module.demo_database.snowflake_database.this",
            "module.demo_database.snowflake_database_role.ro",
            "module.demo_database.snowflake_schema.this"
          ]
        },
        {
          "index_key": "PUBLISHED",
          "schema_version": 0,
          "attributes": {
            "all_privileges": false,
            "always_apply": false,
            "always_apply_trigger": null,
            "database_role_name": "\"TEST_CICD_DEMO_TEST\".\"PUBLISHED_RO\"",
            "id": "\"TEST_CICD_DEMO_TEST\".\"PUBLISHED_RO\"|false|false|SELECT|OnSchemaObject|OnFuture|VIEWS|InSchema|\"TEST_CICD_DEMO_TEST\".\"PUBLISHED\"",
            "on_database": null,
            "on_schema": [],
            "on_schema_object": [
              {
                "all": [],
                "future": [
                  {
                    "in_database": "",
                    "in_schema": "\"TEST_CICD_DEMO_TEST\".\"PUBLISHED\"",
                    "object_type_plural": "VIEWS"
                  }
                ],
                "inherited": [],
                "object_name": "",
                "object_type": ""
              }
            ],
            "privileges": [
              "SELECT"
            ],
            "timeouts": null,
            "with_grant_option": false
          },
          "sensitive_attributes": [],
          "identity_schema_version": 0,
          "private": "eyJlMmJmYjczMC1lY2FhLTExZTYtOGY4OC0zNDM2M2JjN2M0YzAiOnsiY3JlYXRlIjoxMjAwMDAwMDAwMDAwLCJkZWxldGUiOjEyMDAwMDAwMDAwMDAsInJlYWQiOjEyMDAwMDAwMDAwMDAsInVwZGF0ZSI6MTIwMDAwMDAwMDAwMH19",
          "dependencies": [
            "module.demo_database.snowflake_database.this",
            "module.demo_database.snowflake_database_role.ro",
            "module.demo_database.snowflake_schema.this"
          ]
        },
        {
          "index_key": "SEMANTIC",
          "schema_version": 0,
          "attributes": {
            "all_privileges": false,
            "always_apply": false,
            "always_apply_trigger": null,
            "database_role_name": "\"TEST_CICD_DEMO_TEST\".\"SEMANTIC_RO\"",
            "id": "\"TEST_CICD_DEMO_TEST\".\"SEMANTIC_RO\"|false|false|SELECT|OnSchemaObject|OnFuture|VIEWS|InSchema|\"TEST_CICD_DEMO_TEST\".\"SEMANTIC\"",
            "on_database": null,
            "on_schema": [],
            "on_schema_object": [
              {
                "all": [],
                "future": [
                  {
                    "in_database": "",
                    "in_schema": "\"TEST_CICD_DEMO_TEST\".\"SEMANTIC\"",
                    "object_type_plural": "VIEWS"
                  }
                ],
                "inherited": [],
                "object_name": "",
                "object_type": ""
              }
            ],
            "privileges": [
              "SELECT"
            ],
            "timeouts": null,
            "with_grant_option": false
          },
          "sensitive_attributes": [],
          "identity_schema_version": 0,
          "private": "eyJlMmJmYjczMC1lY2FhLTExZTYtOGY4OC0zNDM2M2JjN2M0YzAiOnsiY3JlYXRlIjoxMjAwMDAwMDAwMDAwLCJkZWxldGUiOjEyMDAwMDAwMDAwMDAsInJlYWQiOjEyMDAwMDAwMDAwMDAsInVwZGF0ZSI6MTIwMDAwMDAwMDAwMH19",
          "dependencies": [
            "module.demo_database.snowflake_database.this",
            "module.demo_database.snowflake_database_role.ro",
            "module.demo_database.snowflake_schema.this"
          ]
        },
        {
          "index_key": "SILVER",
          "schema_version": 0,
          "attributes": {
            "all_privileges": false,
            "always_apply": false,
            "always_apply_trigger": null,
            "database_role_name": "\"TEST_CICD_DEMO_TEST\".\"SILVER_RO\"",
            "id": "\"TEST_CICD_DEMO_TEST\".\"SILVER_RO\"|false|false|SELECT|OnSchemaObject|OnFuture|VIEWS|InSchema|\"TEST_CICD_DEMO_TEST\".\"SILVER\"",
            "on_database": null,
            "on_schema": [],
            "on_schema_object": [
              {
                "all": [],
                "future": [
                  {
                    "in_database": "",
                    "in_schema": "\"TEST_CICD_DEMO_TEST\".\"SILVER\"",
                    "object_type_plural": "VIEWS"
                  }
                ],
                "inherited": [],
                "object_name": "",
                "object_type": ""
              }
            ],
            "privileges": [
              "SELECT"
            ],
            "timeouts": null,
            "with_grant_option": false
          },
          "sensitive_attributes": [],
          "identity_schema_version": 0,
          "private": "eyJlMmJmYjczMC1lY2FhLTExZTYtOGY4OC0zNDM2M2JjN2M0YzAiOnsiY3JlYXRlIjoxMjAwMDAwMDAwMDAwLCJkZWxldGUiOjEyMDAwMDAwMDAwMDAsInJlYWQiOjEyMDAwMDAwMDAwMDAsInVwZGF0ZSI6MTIwMDAwMDAwMDAwMH19",
          "dependencies": [
            "module.demo_database.snowflake_database.this",
            "module.demo_database.snowflake_database_role.ro",
            "module.demo_database.snowflake_schema.this"
          ]
        }
      ]
    },
    {
      "module": "module.demo_database",
      "mode": "managed",
      "type": "snowflake_grant_privileges_to_database_role",
      "name": "ro_schema_usage",
      "provider": "provider[\"registry.terraform.io/snowflakedb/snowflake\"]",
      "instances": [
        {
          "index_key": "BRONZE",
          "schema_version": 0,
          "attributes": {
            "all_privileges": false,
            "always_apply": false,
            "always_apply_trigger": null,
            "database_role_name": "\"TEST_CICD_DEMO_TEST\".\"BRONZE_RO\"",
            "id": "\"TEST_CICD_DEMO_TEST\".\"BRONZE_RO\"|false|false|USAGE|OnSchema|OnSchema|\"TEST_CICD_DEMO_TEST\".\"BRONZE\"",
            "on_database": null,
            "on_schema": [
              {
                "all_schemas_in_database": "",
                "future_schemas_in_database": "",
                "inherited": "",
                "schema_name": "\"TEST_CICD_DEMO_TEST\".\"BRONZE\""
              }
            ],
            "on_schema_object": [],
            "privileges": [
              "USAGE"
            ],
            "timeouts": null,
            "with_grant_option": false
          },
          "sensitive_attributes": [],
          "identity_schema_version": 0,
          "private": "eyJlMmJmYjczMC1lY2FhLTExZTYtOGY4OC0zNDM2M2JjN2M0YzAiOnsiY3JlYXRlIjoxMjAwMDAwMDAwMDAwLCJkZWxldGUiOjEyMDAwMDAwMDAwMDAsInJlYWQiOjEyMDAwMDAwMDAwMDAsInVwZGF0ZSI6MTIwMDAwMDAwMDAwMH19",
          "dependencies": [
            "module.demo_database.snowflake_database.this",
            "module.demo_database.snowflake_database_role.ro",
            "module.demo_database.snowflake_schema.this"
          ]
        },
        {
          "index_key": "DEMO",
          "schema_version": 0,
          "attributes": {
            "all_privileges": false,
            "always_apply": false,
            "always_apply_trigger": null,
            "database_role_name": "\"TEST_CICD_DEMO_TEST\".\"DEMO_RO\"",
            "id": "\"TEST_CICD_DEMO_TEST\".\"DEMO_RO\"|false|false|USAGE|OnSchema|OnSchema|\"TEST_CICD_DEMO_TEST\".\"DEMO\"",
            "on_database": null,
            "on_schema": [
              {
                "all_schemas_in_database": "",
                "future_schemas_in_database": "",
                "inherited": "",
                "schema_name": "\"TEST_CICD_DEMO_TEST\".\"DEMO\""
              }
            ],
            "on_schema_object": [],
            "privileges": [
              "USAGE"
            ],
            "timeouts": null,
            "with_grant_option": false
          },
          "sensitive_attributes": [],
          "identity_schema_version": 0,
          "private": "eyJlMmJmYjczMC1lY2FhLTExZTYtOGY4OC0zNDM2M2JjN2M0YzAiOnsiY3JlYXRlIjoxMjAwMDAwMDAwMDAwLCJkZWxldGUiOjEyMDAwMDAwMDAwMDAsInJlYWQiOjEyMDAwMDAwMDAwMDAsInVwZGF0ZSI6MTIwMDAwMDAwMDAwMH19",
          "dependencies": [
            "module.demo_database.snowflake_database.this",
            "module.demo_database.snowflake_database_role.ro",
            "module.demo_database.snowflake_schema.this"
          ]
        },
        {
          "index_key": "GOLD",
          "schema_version": 0,
          "attributes": {
            "all_privileges": false,
            "always_apply": false,
            "always_apply_trigger": null,
            "database_role_name": "\"TEST_CICD_DEMO_TEST\".\"GOLD_RO\"",
            "id": "\"TEST_CICD_DEMO_TEST\".\"GOLD_RO\"|false|false|USAGE|OnSchema|OnSchema|\"TEST_CICD_DEMO_TEST\".\"GOLD\"",
            "on_database": null,
            "on_schema": [
              {
                "all_schemas_in_database": "",
                "future_schemas_in_database": "",
                "inherited": "",
                "schema_name": "\"TEST_CICD_DEMO_TEST\".\"GOLD\""
              }
            ],
            "on_schema_object": [],
            "privileges": [
              "USAGE"
            ],
            "timeouts": null,
            "with_grant_option": false
          },
          "sensitive_attributes": [],
          "identity_schema_version": 0,
          "private": "eyJlMmJmYjczMC1lY2FhLTExZTYtOGY4OC0zNDM2M2JjN2M0YzAiOnsiY3JlYXRlIjoxMjAwMDAwMDAwMDAwLCJkZWxldGUiOjEyMDAwMDAwMDAwMDAsInJlYWQiOjEyMDAwMDAwMDAwMDAsInVwZGF0ZSI6MTIwMDAwMDAwMDAwMH19",
          "dependencies": [
            "module.demo_database.snowflake_database.this",
            "module.demo_database.snowflake_database_role.ro",
            "module.demo_database.snowflake_schema.this"
          ]
        },
        {
          "index_key": "PUBLISHED",
          "schema_version": 0,
          "attributes": {
            "all_privileges": false,
            "always_apply": false,
            "always_apply_trigger": null,
            "database_role_name": "\"TEST_CICD_DEMO_TEST\".\"PUBLISHED_RO\"",
            "id": "\"TEST_CICD_DEMO_TEST\".\"PUBLISHED_RO\"|false|false|USAGE|OnSchema|OnSchema|\"TEST_CICD_DEMO_TEST\".\"PUBLISHED\"",
            "on_database": null,
            "on_schema": [
              {
                "all_schemas_in_database": "",
                "future_schemas_in_database": "",
                "inherited": "",
                "schema_name": "\"TEST_CICD_DEMO_TEST\".\"PUBLISHED\""
              }
            ],
            "on_schema_object": [],
            "privileges": [
              "USAGE"
            ],
            "timeouts": null,
            "with_grant_option": false
          },
          "sensitive_attributes": [],
          "identity_schema_version": 0,
          "private": "eyJlMmJmYjczMC1lY2FhLTExZTYtOGY4OC0zNDM2M2JjN2M0YzAiOnsiY3JlYXRlIjoxMjAwMDAwMDAwMDAwLCJkZWxldGUiOjEyMDAwMDAwMDAwMDAsInJlYWQiOjEyMDAwMDAwMDAwMDAsInVwZGF0ZSI6MTIwMDAwMDAwMDAwMH19",
          "dependencies": [
            "module.demo_database.snowflake_database.this",
            "module.demo_database.snowflake_database_role.ro",
            "module.demo_database.snowflake_schema.this"
          ]
        },
        {
          "index_key": "SEMANTIC",
          "schema_version": 0,
          "attributes": {
            "all_privileges": false,
            "always_apply": false,
            "always_apply_trigger": null,
            "database_role_name": "\"TEST_CICD_DEMO_TEST\".\"SEMANTIC_RO\"",
            "id": "\"TEST_CICD_DEMO_TEST\".\"SEMANTIC_RO\"|false|false|USAGE|OnSchema|OnSchema|\"TEST_CICD_DEMO_TEST\".\"SEMANTIC\"",
            "on_database": null,
            "on_schema": [
              {
                "all_schemas_in_database": "",
                "future_schemas_in_database": "",
                "inherited": "",
                "schema_name": "\"TEST_CICD_DEMO_TEST\".\"SEMANTIC\""
              }
            ],
            "on_schema_object": [],
            "privileges": [
              "USAGE"
            ],
            "timeouts": null,
            "with_grant_option": false
          },
          "sensitive_attributes": [],
          "identity_schema_version": 0,
          "private": "eyJlMmJmYjczMC1lY2FhLTExZTYtOGY4OC0zNDM2M2JjN2M0YzAiOnsiY3JlYXRlIjoxMjAwMDAwMDAwMDAwLCJkZWxldGUiOjEyMDAwMDAwMDAwMDAsInJlYWQiOjEyMDAwMDAwMDAwMDAsInVwZGF0ZSI6MTIwMDAwMDAwMDAwMH19",
          "dependencies": [
            "module.demo_database.snowflake_database.this",
            "module.demo_database.snowflake_database_role.ro",
            "module.demo_database.snowflake_schema.this"
          ]
        },
        {
          "index_key": "SILVER",
          "schema_version": 0,
          "attributes": {
            "all_privileges": false,
            "always_apply": false,
            "always_apply_trigger": null,
            "database_role_name": "\"TEST_CICD_DEMO_TEST\".\"SILVER_RO\"",
            "id": "\"TEST_CICD_DEMO_TEST\".\"SILVER_RO\"|false|false|USAGE|OnSchema|OnSchema|\"TEST_CICD_DEMO_TEST\".\"SILVER\"",
            "on_database": null,
            "on_schema": [
              {
                "all_schemas_in_database": "",
                "future_schemas_in_database": "",
                "inherited": "",
                "schema_name": "\"TEST_CICD_DEMO_TEST\".\"SILVER\""
              }
            ],
            "on_schema_object": [],
            "privileges": [
              "USAGE"
            ],
            "timeouts": null,
            "with_grant_option": false
          },
          "sensitive_attributes": [],
          "identity_schema_version": 0,
          "private": "eyJlMmJmYjczMC1lY2FhLTExZTYtOGY4OC0zNDM2M2JjN2M0YzAiOnsiY3JlYXRlIjoxMjAwMDAwMDAwMDAwLCJkZWxldGUiOjEyMDAwMDAwMDAwMDAsInJlYWQiOjEyMDAwMDAwMDAwMDAsInVwZGF0ZSI6MTIwMDAwMDAwMDAwMH19",
          "dependencies": [
            "module.demo_database.snowflake_database.this",
            "module.demo_database.snowflake_database_role.ro",
            "module.demo_database.snowflake_schema.this"
          ]
        }
      ]
    },
    {
      "module": "module.demo_database",
      "mode": "managed",
      "type": "snowflake_grant_privileges_to_database_role",
      "name": "rw_future_tables",
      "provider": "provider[\"registry.terraform.io/snowflakedb/snowflake\"]",
      "instances": [
        {
          "index_key": "BRONZE",
          "schema_version": 0,
          "attributes": {
            "all_privileges": false,
            "always_apply": false,
            "always_apply_trigger": null,
            "database_role_name": "\"TEST_CICD_DEMO_TEST\".\"BRONZE_RW\"",
            "id": "\"TEST_CICD_DEMO_TEST\".\"BRONZE_RW\"|false|false|INSERT,DELETE,TRUNCATE,UPDATE|OnSchemaObject|OnFuture|TABLES|InSchema|\"TEST_CICD_DEMO_TEST\".\"BRONZE\"",
            "on_database": null,
            "on_schema": [],
            "on_schema_object": [
              {
                "all": [],
                "future": [
                  {
                    "in_database": "",
                    "in_schema": "\"TEST_CICD_DEMO_TEST\".\"BRONZE\"",
                    "object_type_plural": "TABLES"
                  }
                ],
                "inherited": [],
                "object_name": "",
                "object_type": ""
              }
            ],
            "privileges": [
              "DELETE",
              "INSERT",
              "TRUNCATE",
              "UPDATE"
            ],
            "timeouts": null,
            "with_grant_option": false
          },
          "sensitive_attributes": [],
          "identity_schema_version": 0,
          "private": "eyJlMmJmYjczMC1lY2FhLTExZTYtOGY4OC0zNDM2M2JjN2M0YzAiOnsiY3JlYXRlIjoxMjAwMDAwMDAwMDAwLCJkZWxldGUiOjEyMDAwMDAwMDAwMDAsInJlYWQiOjEyMDAwMDAwMDAwMDAsInVwZGF0ZSI6MTIwMDAwMDAwMDAwMH19",
          "dependencies": [
            "module.demo_database.snowflake_database.this",
            "module.demo_database.snowflake_database_role.rw",
            "module.demo_database.snowflake_schema.this"
          ]
        },
        {
          "index_key": "DEMO",
          "schema_version": 0,
          "attributes": {
            "all_privileges": false,
            "always_apply": false,
            "always_apply_trigger": null,
            "database_role_name": "\"TEST_CICD_DEMO_TEST\".\"DEMO_RW\"",
            "id": "\"TEST_CICD_DEMO_TEST\".\"DEMO_RW\"|false|false|INSERT,DELETE,TRUNCATE,UPDATE|OnSchemaObject|OnFuture|TABLES|InSchema|\"TEST_CICD_DEMO_TEST\".\"DEMO\"",
            "on_database": null,
            "on_schema": [],
            "on_schema_object": [
              {
                "all": [],
                "future": [
                  {
                    "in_database": "",
                    "in_schema": "\"TEST_CICD_DEMO_TEST\".\"DEMO\"",
                    "object_type_plural": "TABLES"
                  }
                ],
                "inherited": [],
                "object_name": "",
                "object_type": ""
              }
            ],
            "privileges": [
              "DELETE",
              "INSERT",
              "TRUNCATE",
              "UPDATE"
            ],
            "timeouts": null,
            "with_grant_option": false
          },
          "sensitive_attributes": [],
          "identity_schema_version": 0,
          "private": "eyJlMmJmYjczMC1lY2FhLTExZTYtOGY4OC0zNDM2M2JjN2M0YzAiOnsiY3JlYXRlIjoxMjAwMDAwMDAwMDAwLCJkZWxldGUiOjEyMDAwMDAwMDAwMDAsInJlYWQiOjEyMDAwMDAwMDAwMDAsInVwZGF0ZSI6MTIwMDAwMDAwMDAwMH19",
          "dependencies": [
            "module.demo_database.snowflake_database.this",
            "module.demo_database.snowflake_database_role.rw",
            "module.demo_database.snowflake_schema.this"
          ]
        },
        {
          "index_key": "GOLD",
          "schema_version": 0,
          "attributes": {
            "all_privileges": false,
            "always_apply": false,
            "always_apply_trigger": null,
            "database_role_name": "\"TEST_CICD_DEMO_TEST\".\"GOLD_RW\"",
            "id": "\"TEST_CICD_DEMO_TEST\".\"GOLD_RW\"|false|false|INSERT,DELETE,TRUNCATE,UPDATE|OnSchemaObject|OnFuture|TABLES|InSchema|\"TEST_CICD_DEMO_TEST\".\"GOLD\"",
            "on_database": null,
            "on_schema": [],
            "on_schema_object": [
              {
                "all": [],
                "future": [
                  {
                    "in_database": "",
                    "in_schema": "\"TEST_CICD_DEMO_TEST\".\"GOLD\"",
                    "object_type_plural": "TABLES"
                  }
                ],
                "inherited": [],
                "object_name": "",
                "object_type": ""
              }
            ],
            "privileges": [
              "DELETE",
              "INSERT",
              "TRUNCATE",
              "UPDATE"
            ],
            "timeouts": null,
            "with_grant_option": false
          },
          "sensitive_attributes": [],
          "identity_schema_version": 0,
          "private": "eyJlMmJmYjczMC1lY2FhLTExZTYtOGY4OC0zNDM2M2JjN2M0YzAiOnsiY3JlYXRlIjoxMjAwMDAwMDAwMDAwLCJkZWxldGUiOjEyMDAwMDAwMDAwMDAsInJlYWQiOjEyMDAwMDAwMDAwMDAsInVwZGF0ZSI6MTIwMDAwMDAwMDAwMH19",
          "dependencies": [
            "module.demo_database.snowflake_database.this",
            "module.demo_database.snowflake_database_role.rw",
            "module.demo_database.snowflake_schema.this"
          ]
        },
        {
          "index_key": "PUBLISHED",
          "schema_version": 0,
          "attributes": {
            "all_privileges": false,
            "always_apply": false,
            "always_apply_trigger": null,
            "database_role_name": "\"TEST_CICD_DEMO_TEST\".\"PUBLISHED_RW\"",
            "id": "\"TEST_CICD_DEMO_TEST\".\"PUBLISHED_RW\"|false|false|INSERT,DELETE,TRUNCATE,UPDATE|OnSchemaObject|OnFuture|TABLES|InSchema|\"TEST_CICD_DEMO_TEST\".\"PUBLISHED\"",
            "on_database": null,
            "on_schema": [],
            "on_schema_object": [
              {
                "all": [],
                "future": [
                  {
                    "in_database": "",
                    "in_schema": "\"TEST_CICD_DEMO_TEST\".\"PUBLISHED\"",
                    "object_type_plural": "TABLES"
                  }
                ],
                "inherited": [],
                "object_name": "",
                "object_type": ""
              }
            ],
            "privileges": [
              "DELETE",
              "INSERT",
              "TRUNCATE",
              "UPDATE"
            ],
            "timeouts": null,
            "with_grant_option": false
          },
          "sensitive_attributes": [],
          "identity_schema_version": 0,
          "private": "eyJlMmJmYjczMC1lY2FhLTExZTYtOGY4OC0zNDM2M2JjN2M0YzAiOnsiY3JlYXRlIjoxMjAwMDAwMDAwMDAwLCJkZWxldGUiOjEyMDAwMDAwMDAwMDAsInJlYWQiOjEyMDAwMDAwMDAwMDAsInVwZGF0ZSI6MTIwMDAwMDAwMDAwMH19",
          "dependencies": [
            "module.demo_database.snowflake_database.this",
            "module.demo_database.snowflake_database_role.rw",
            "module.demo_database.snowflake_schema.this"
          ]
        },
        {
          "index_key": "SEMANTIC",
          "schema_version": 0,
          "attributes": {
            "all_privileges": false,
            "always_apply": false,
            "always_apply_trigger": null,
            "database_role_name": "\"TEST_CICD_DEMO_TEST\".\"SEMANTIC_RW\"",
            "id": "\"TEST_CICD_DEMO_TEST\".\"SEMANTIC_RW\"|false|false|INSERT,DELETE,TRUNCATE,UPDATE|OnSchemaObject|OnFuture|TABLES|InSchema|\"TEST_CICD_DEMO_TEST\".\"SEMANTIC\"",
            "on_database": null,
            "on_schema": [],
            "on_schema_object": [
              {
                "all": [],
                "future": [
                  {
                    "in_database": "",
                    "in_schema": "\"TEST_CICD_DEMO_TEST\".\"SEMANTIC\"",
                    "object_type_plural": "TABLES"
                  }
                ],
                "inherited": [],
                "object_name": "",
                "object_type": ""
              }
            ],
            "privileges": [
              "DELETE",
              "INSERT",
              "TRUNCATE",
              "UPDATE"
            ],
            "timeouts": null,
            "with_grant_option": false
          },
          "sensitive_attributes": [],
          "identity_schema_version": 0,
          "private": "eyJlMmJmYjczMC1lY2FhLTExZTYtOGY4OC0zNDM2M2JjN2M0YzAiOnsiY3JlYXRlIjoxMjAwMDAwMDAwMDAwLCJkZWxldGUiOjEyMDAwMDAwMDAwMDAsInJlYWQiOjEyMDAwMDAwMDAwMDAsInVwZGF0ZSI6MTIwMDAwMDAwMDAwMH19",
          "dependencies": [
            "module.demo_database.snowflake_database.this",
            "module.demo_database.snowflake_database_role.rw",
            "module.demo_database.snowflake_schema.this"
          ]
        },
        {
          "index_key": "SILVER",
          "schema_version": 0,
          "attributes": {
            "all_privileges": false,
            "always_apply": false,
            "always_apply_trigger": null,
            "database_role_name": "\"TEST_CICD_DEMO_TEST\".\"SILVER_RW\"",
            "id": "\"TEST_CICD_DEMO_TEST\".\"SILVER_RW\"|false|false|INSERT,DELETE,TRUNCATE,UPDATE|OnSchemaObject|OnFuture|TABLES|InSchema|\"TEST_CICD_DEMO_TEST\".\"SILVER\"",
            "on_database": null,
            "on_schema": [],
            "on_schema_object": [
              {
                "all": [],
                "future": [
                  {
                    "in_database": "",
                    "in_schema": "\"TEST_CICD_DEMO_TEST\".\"SILVER\"",
                    "object_type_plural": "TABLES"
                  }
                ],
                "inherited": [],
                "object_name": "",
                "object_type": ""
              }
            ],
            "privileges": [
              "DELETE",
              "INSERT",
              "TRUNCATE",
              "UPDATE"
            ],
            "timeouts": null,
            "with_grant_option": false
          },
          "sensitive_attributes": [],
          "identity_schema_version": 0,
          "private": "eyJlMmJmYjczMC1lY2FhLTExZTYtOGY4OC0zNDM2M2JjN2M0YzAiOnsiY3JlYXRlIjoxMjAwMDAwMDAwMDAwLCJkZWxldGUiOjEyMDAwMDAwMDAwMDAsInJlYWQiOjEyMDAwMDAwMDAwMDAsInVwZGF0ZSI6MTIwMDAwMDAwMDAwMH19",
          "dependencies": [
            "module.demo_database.snowflake_database.this",
            "module.demo_database.snowflake_database_role.rw",
            "module.demo_database.snowflake_schema.this"
          ]
        }
      ]
    },
    {
      "module": "module.demo_database",
      "mode": "managed",
      "type": "snowflake_grant_privileges_to_database_role",
      "name": "rw_schema_create",
      "provider": "provider[\"registry.terraform.io/snowflakedb/snowflake\"]",
      "instances": [
        {
          "index_key": "BRONZE",
          "schema_version": 0,
          "attributes": {
            "all_privileges": false,
            "always_apply": false,
            "always_apply_trigger": null,
            "database_role_name": "\"TEST_CICD_DEMO_TEST\".\"BRONZE_RW\"",
            "id": "\"TEST_CICD_DEMO_TEST\".\"BRONZE_RW\"|false|false|CREATE TASK,CREATE STREAM,CREATE PROCEDURE,CREATE FILE FORMAT,CREATE TABLE,CREATE VIEW,CREATE STAGE,CREATE SEQUENCE,CREATE FUNCTION|OnSchema|OnSchema|\"TEST_CICD_DEMO_TEST\".\"BRONZE\"",
            "on_database": null,
            "on_schema": [
              {
                "all_schemas_in_database": "",
                "future_schemas_in_database": "",
                "inherited": "",
                "schema_name": "\"TEST_CICD_DEMO_TEST\".\"BRONZE\""
              }
            ],
            "on_schema_object": [],
            "privileges": [
              "CREATE FILE FORMAT",
              "CREATE FUNCTION",
              "CREATE PROCEDURE",
              "CREATE SEQUENCE",
              "CREATE STAGE",
              "CREATE STREAM",
              "CREATE TABLE",
              "CREATE TASK",
              "CREATE VIEW"
            ],
            "timeouts": null,
            "with_grant_option": false
          },
          "sensitive_attributes": [],
          "identity_schema_version": 0,
          "private": "eyJlMmJmYjczMC1lY2FhLTExZTYtOGY4OC0zNDM2M2JjN2M0YzAiOnsiY3JlYXRlIjoxMjAwMDAwMDAwMDAwLCJkZWxldGUiOjEyMDAwMDAwMDAwMDAsInJlYWQiOjEyMDAwMDAwMDAwMDAsInVwZGF0ZSI6MTIwMDAwMDAwMDAwMH19",
          "dependencies": [
            "module.demo_database.snowflake_database.this",
            "module.demo_database.snowflake_database_role.rw",
            "module.demo_database.snowflake_schema.this"
          ]
        },
        {
          "index_key": "DEMO",
          "schema_version": 0,
          "attributes": {
            "all_privileges": false,
            "always_apply": false,
            "always_apply_trigger": null,
            "database_role_name": "\"TEST_CICD_DEMO_TEST\".\"DEMO_RW\"",
            "id": "\"TEST_CICD_DEMO_TEST\".\"DEMO_RW\"|false|false|CREATE TASK,CREATE STREAM,CREATE PROCEDURE,CREATE FILE FORMAT,CREATE TABLE,CREATE VIEW,CREATE STAGE,CREATE SEQUENCE,CREATE FUNCTION|OnSchema|OnSchema|\"TEST_CICD_DEMO_TEST\".\"DEMO\"",
            "on_database": null,
            "on_schema": [
              {
                "all_schemas_in_database": "",
                "future_schemas_in_database": "",
                "inherited": "",
                "schema_name": "\"TEST_CICD_DEMO_TEST\".\"DEMO\""
              }
            ],
            "on_schema_object": [],
            "privileges": [
              "CREATE FILE FORMAT",
              "CREATE FUNCTION",
              "CREATE PROCEDURE",
              "CREATE SEQUENCE",
              "CREATE STAGE",
              "CREATE STREAM",
              "CREATE TABLE",
              "CREATE TASK",
              "CREATE VIEW"
            ],
            "timeouts": null,
            "with_grant_option": false
          },
          "sensitive_attributes": [],
          "identity_schema_version": 0,
          "private": "eyJlMmJmYjczMC1lY2FhLTExZTYtOGY4OC0zNDM2M2JjN2M0YzAiOnsiY3JlYXRlIjoxMjAwMDAwMDAwMDAwLCJkZWxldGUiOjEyMDAwMDAwMDAwMDAsInJlYWQiOjEyMDAwMDAwMDAwMDAsInVwZGF0ZSI6MTIwMDAwMDAwMDAwMH19",
          "dependencies": [
            "module.demo_database.snowflake_database.this",
            "module.demo_database.snowflake_database_role.rw",
            "module.demo_database.snowflake_schema.this"
          ]
        },
        {
          "index_key": "GOLD",
          "schema_version": 0,
          "attributes": {
            "all_privileges": false,
            "always_apply": false,
            "always_apply_trigger": null,
            "database_role_name": "\"TEST_CICD_DEMO_TEST\".\"GOLD_RW\"",
            "id": "\"TEST_CICD_DEMO_TEST\".\"GOLD_RW\"|false|false|CREATE TASK,CREATE STREAM,CREATE PROCEDURE,CREATE FILE FORMAT,CREATE TABLE,CREATE VIEW,CREATE STAGE,CREATE SEQUENCE,CREATE FUNCTION|OnSchema|OnSchema|\"TEST_CICD_DEMO_TEST\".\"GOLD\"",
            "on_database": null,
            "on_schema": [
              {
                "all_schemas_in_database": "",
                "future_schemas_in_database": "",
                "inherited": "",
                "schema_name": "\"TEST_CICD_DEMO_TEST\".\"GOLD\""
              }
            ],
            "on_schema_object": [],
            "privileges": [
              "CREATE FILE FORMAT",
              "CREATE FUNCTION",
              "CREATE PROCEDURE",
              "CREATE SEQUENCE",
              "CREATE STAGE",
              "CREATE STREAM",
              "CREATE TABLE",
              "CREATE TASK",
              "CREATE VIEW"
            ],
            "timeouts": null,
            "with_grant_option": false
          },
          "sensitive_attributes": [],
          "identity_schema_version": 0,
          "private": "eyJlMmJmYjczMC1lY2FhLTExZTYtOGY4OC0zNDM2M2JjN2M0YzAiOnsiY3JlYXRlIjoxMjAwMDAwMDAwMDAwLCJkZWxldGUiOjEyMDAwMDAwMDAwMDAsInJlYWQiOjEyMDAwMDAwMDAwMDAsInVwZGF0ZSI6MTIwMDAwMDAwMDAwMH19",
          "dependencies": [
            "module.demo_database.snowflake_database.this",
            "module.demo_database.snowflake_database_role.rw",
            "module.demo_database.snowflake_schema.this"
          ]
        },
        {
          "index_key": "PUBLISHED",
          "schema_version": 0,
          "attributes": {
            "all_privileges": false,
            "always_apply": false,
            "always_apply_trigger": null,
            "database_role_name": "\"TEST_CICD_DEMO_TEST\".\"PUBLISHED_RW\"",
            "id": "\"TEST_CICD_DEMO_TEST\".\"PUBLISHED_RW\"|false|false|CREATE TASK,CREATE STREAM,CREATE PROCEDURE,CREATE FILE FORMAT,CREATE TABLE,CREATE VIEW,CREATE STAGE,CREATE SEQUENCE,CREATE FUNCTION|OnSchema|OnSchema|\"TEST_CICD_DEMO_TEST\".\"PUBLISHED\"",
            "on_database": null,
            "on_schema": [
              {
                "all_schemas_in_database": "",
                "future_schemas_in_database": "",
                "inherited": "",
                "schema_name": "\"TEST_CICD_DEMO_TEST\".\"PUBLISHED\""
              }
            ],
            "on_schema_object": [],
            "privileges": [
              "CREATE FILE FORMAT",
              "CREATE FUNCTION",
              "CREATE PROCEDURE",
              "CREATE SEQUENCE",
              "CREATE STAGE",
              "CREATE STREAM",
              "CREATE TABLE",
              "CREATE TASK",
              "CREATE VIEW"
            ],
            "timeouts": null,
            "with_grant_option": false
          },
          "sensitive_attributes": [],
          "identity_schema_version": 0,
          "private": "eyJlMmJmYjczMC1lY2FhLTExZTYtOGY4OC0zNDM2M2JjN2M0YzAiOnsiY3JlYXRlIjoxMjAwMDAwMDAwMDAwLCJkZWxldGUiOjEyMDAwMDAwMDAwMDAsInJlYWQiOjEyMDAwMDAwMDAwMDAsInVwZGF0ZSI6MTIwMDAwMDAwMDAwMH19",
          "dependencies": [
            "module.demo_database.snowflake_database.this",
            "module.demo_database.snowflake_database_role.rw",
            "module.demo_database.snowflake_schema.this"
          ]
        },
        {
          "index_key": "SEMANTIC",
          "schema_version": 0,
          "attributes": {
            "all_privileges": false,
            "always_apply": false,
            "always_apply_trigger": null,
            "database_role_name": "\"TEST_CICD_DEMO_TEST\".\"SEMANTIC_RW\"",
            "id": "\"TEST_CICD_DEMO_TEST\".\"SEMANTIC_RW\"|false|false|CREATE TASK,CREATE STREAM,CREATE PROCEDURE,CREATE FILE FORMAT,CREATE TABLE,CREATE VIEW,CREATE STAGE,CREATE SEQUENCE,CREATE FUNCTION|OnSchema|OnSchema|\"TEST_CICD_DEMO_TEST\".\"SEMANTIC\"",
            "on_database": null,
            "on_schema": [
              {
                "all_schemas_in_database": "",
                "future_schemas_in_database": "",
                "inherited": "",
                "schema_name": "\"TEST_CICD_DEMO_TEST\".\"SEMANTIC\""
              }
            ],
            "on_schema_object": [],
            "privileges": [
              "CREATE FILE FORMAT",
              "CREATE FUNCTION",
              "CREATE PROCEDURE",
              "CREATE SEQUENCE",
              "CREATE STAGE",
              "CREATE STREAM",
              "CREATE TABLE",
              "CREATE TASK",
              "CREATE VIEW"
            ],
            "timeouts": null,
            "with_grant_option": false
          },
          "sensitive_attributes": [],
          "identity_schema_version": 0,
          "private": "eyJlMmJmYjczMC1lY2FhLTExZTYtOGY4OC0zNDM2M2JjN2M0YzAiOnsiY3JlYXRlIjoxMjAwMDAwMDAwMDAwLCJkZWxldGUiOjEyMDAwMDAwMDAwMDAsInJlYWQiOjEyMDAwMDAwMDAwMDAsInVwZGF0ZSI6MTIwMDAwMDAwMDAwMH19",
          "dependencies": [
            "module.demo_database.snowflake_database.this",
            "module.demo_database.snowflake_database_role.rw",
            "module.demo_database.snowflake_schema.this"
          ]
        },
        {
          "index_key": "SILVER",
          "schema_version": 0,
          "attributes": {
            "all_privileges": false,
            "always_apply": false,
            "always_apply_trigger": null,
            "database_role_name": "\"TEST_CICD_DEMO_TEST\".\"SILVER_RW\"",
            "id": "\"TEST_CICD_DEMO_TEST\".\"SILVER_RW\"|false|false|CREATE TASK,CREATE STREAM,CREATE PROCEDURE,CREATE FILE FORMAT,CREATE TABLE,CREATE VIEW,CREATE STAGE,CREATE SEQUENCE,CREATE FUNCTION|OnSchema|OnSchema|\"TEST_CICD_DEMO_TEST\".\"SILVER\"",
            "on_database": null,
            "on_schema": [
              {
                "all_schemas_in_database": "",
                "future_schemas_in_database": "",
                "inherited": "",
                "schema_name": "\"TEST_CICD_DEMO_TEST\".\"SILVER\""
              }
            ],
            "on_schema_object": [],
            "privileges": [
              "CREATE FILE FORMAT",
              "CREATE FUNCTION",
              "CREATE PROCEDURE",
              "CREATE SEQUENCE",
              "CREATE STAGE",
              "CREATE STREAM",
              "CREATE TABLE",
              "CREATE TASK",
              "CREATE VIEW"
            ],
            "timeouts": null,
            "with_grant_option": false
          },
          "sensitive_attributes": [],
          "identity_schema_version": 0,
          "private": "eyJlMmJmYjczMC1lY2FhLTExZTYtOGY4OC0zNDM2M2JjN2M0YzAiOnsiY3JlYXRlIjoxMjAwMDAwMDAwMDAwLCJkZWxldGUiOjEyMDAwMDAwMDAwMDAsInJlYWQiOjEyMDAwMDAwMDAwMDAsInVwZGF0ZSI6MTIwMDAwMDAwMDAwMH19",
          "dependencies": [
            "module.demo_database.snowflake_database.this",
            "module.demo_database.snowflake_database_role.rw",
            "module.demo_database.snowflake_schema.this"
          ]
        }
      ]
    },
    {
      "module": "module.demo_database",
      "mode": "managed",
      "type": "snowflake_schema",
      "name": "this",
      "provider": "provider[\"registry.terraform.io/snowflakedb/snowflake\"]",
      "instances": [
        {
          "index_key": "BRONZE",
          "schema_version": 2,
          "attributes": {
            "catalog": "",
            "comment": "BRONZE layer - managed access schema, managed by Terraform",
            "data_retention_time_in_days": 1,
            "database": "TEST_CICD_DEMO_TEST",
            "default_ddl_collation": "",
            "default_notebook_compute_pool_cpu": "SYSTEM_COMPUTE_POOL_CPU",
            "default_notebook_compute_pool_gpu": "SYSTEM_COMPUTE_POOL_GPU",
            "describe_output": [
              {
                "created_on": "2026-09-25 04:35:02.666 -0700 PDT",
                "kind": "TABLE",
                "name": "CHRONOGRAPH_VALUATIONS_RAW"
              },
              {
                "created_on": "2026-09-25 04:35:01.848 -0700 PDT",
                "kind": "TABLE",
                "name": "EFRONT_FUNDS_RAW"
              },
              {
                "created_on": "2026-09-25 04:35:02.289 -0700 PDT",
                "kind": "TABLE",
                "name": "EFRONT_INVESTMENTS_RAW"
              }
            ],
            "enable_console_output": false,
            "external_volume": "",
            "fully_qualified_name": "\"TEST_CICD_DEMO_TEST\".\"BRONZE\"",
            "id": "\"TEST_CICD_DEMO_TEST\".\"BRONZE\"",
            "is_transient": "default",
            "log_event_level": "OFF",
            "log_level": "OFF",
            "max_data_extension_time_in_days": 14,
            "name": "BRONZE",
            "parameters": [
              {
                "catalog": [
                  {
                    "default": "",
                    "description": "Name of the catalog integration to use for iceberg tables",
                    "key": "CATALOG",
                    "level": "",
                    "value": ""
                  }
                ],
                "data_retention_time_in_days": [
                  {
                    "default": "1",
                    "description": "number of days to retain the old version of deleted/updated data",
                    "key": "DATA_RETENTION_TIME_IN_DAYS",
                    "level": "DATABASE",
                    "value": "1"
                  }
                ],
                "default_ddl_collation": [
                  {
                    "default": "",
                    "description": "Collation that is used for all the new columns created by the DDL statements (if not specified)",
                    "key": "DEFAULT_DDL_COLLATION",
                    "level": "",
                    "value": ""
                  }
                ],
                "enable_console_output": [
                  {
                    "default": "false",
                    "description": "Enable stdout/stderr fast path logging for anonyous stored procs. This is a public parameter (similar to LOG_LEVEL).",
                    "key": "ENABLE_CONSOLE_OUTPUT",
                    "level": "",
                    "value": "false"
                  }
                ],
                "external_volume": [
                  {
                    "default": "",
                    "description": "Name of an external volume that will be used for persisted Iceberg metadata and data files.",
                    "key": "EXTERNAL_VOLUME",
                    "level": "",
                    "value": ""
                  }
                ],
                "log_event_level": [
                  {
                    "default": "OFF",
                    "description": "LOG_EVENT_LEVEL to use when filtering log events",
                    "key": "LOG_EVENT_LEVEL",
                    "level": "",
                    "value": "OFF"
                  }
                ],
                "log_level": [
                  {
                    "default": "OFF",
                    "description": "LOG_LEVEL to use when filtering events",
                    "key": "LOG_LEVEL",
                    "level": "",
                    "value": "OFF"
                  }
                ],
                "max_data_extension_time_in_days": [
                  {
                    "default": "14",
                    "description": "Maximum number of days to extend data retention beyond the retention period to prevent a stream becoming stale.",
                    "key": "MAX_DATA_EXTENSION_TIME_IN_DAYS",
                    "level": "",
                    "value": "14"
                  }
                ],
                "pipe_execution_paused": [
                  {
                    "default": "false",
                    "description": "Pause processing of files for a pipe",
                    "key": "PIPE_EXECUTION_PAUSED",
                    "level": "",
                    "value": "false"
                  }
                ],
                "quoted_identifiers_ignore_case": [
                  {
                    "default": "false",
                    "description": "If true, the case of quoted identifiers is ignored",
                    "key": "QUOTED_IDENTIFIERS_IGNORE_CASE",
                    "level": "",
                    "value": "false"
                  }
                ],
                "replace_invalid_characters": [
                  {
                    "default": "false",
                    "description": "Replace invalid UTF-8 characters found in Iceberg table external data files with the Unicode replacement character",
                    "key": "REPLACE_INVALID_CHARACTERS",
                    "level": "",
                    "value": "false"
                  }
                ],
                "storage_serialization_policy": [
                  {
                    "default": "OPTIMIZED",
                    "description": "Storage serialization policy used for managed Iceberg table. This include encodings and compressions",
                    "key": "STORAGE_SERIALIZATION_POLICY",
                    "level": "",
                    "value": "OPTIMIZED"
                  }
                ],
                "suspend_task_after_num_failures": [
                  {
                    "default": "10",
                    "description": "How many times a task must fail in a row before it is automatically suspended. 0 disables auto-suspending.",
                    "key": "SUSPEND_TASK_AFTER_NUM_FAILURES",
                    "level": "",
                    "value": "10"
                  }
                ],
                "task_auto_retry_attempts": [
                  {
                    "default": "0",
                    "description": "Maximum Automatic Retries Allowed For A User Task",
                    "key": "TASK_AUTO_RETRY_ATTEMPTS",
                    "level": "",
                    "value": "0"
                  }
                ],
                "trace_level": [
                  {
                    "default": "OFF",
                    "description": "Trace level value to use when generating/filtering trace events",
                    "key": "TRACE_LEVEL",
                    "level": "",
                    "value": "OFF"
                  }
                ],
                "user_task_managed_initial_warehouse_size": [
                  {
                    "default": "Medium",
                    "description": "The initial size of warehouse to use for managed warehouses in the absence of history",
                    "key": "USER_TASK_MANAGED_INITIAL_WAREHOUSE_SIZE",
                    "level": "",
                    "value": "Medium"
                  }
                ],
                "user_task_minimum_trigger_interval_in_seconds": [
                  {
                    "default": "30",
                    "description": "Minimum amount of time between Triggered Task executions in seconds",
                    "key": "USER_TASK_MINIMUM_TRIGGER_INTERVAL_IN_SECONDS",
                    "level": "",
                    "value": "30"
                  }
                ],
                "user_task_timeout_ms": [
                  {
                    "default": "3600000",
                    "description": "User task execution timeout in milliseconds",
                    "key": "USER_TASK_TIMEOUT_MS",
                    "level": "",
                    "value": "3600000"
                  }
                ]
              }
            ],
            "pipe_execution_paused": false,
            "quoted_identifiers_ignore_case": false,
            "replace_invalid_characters": false,
            "show_output": [
              {
                "comment": "BRONZE layer - managed access schema, managed by Terraform",
                "created_on": "2026-09-25 04:34:36.855 -0700 PDT",
                "database_name": "TEST_CICD_DEMO_TEST",
                "dropped_on": "0001-01-01 00:00:00 +0000 UTC",
                "is_current": false,
                "is_default": false,
                "name": "BRONZE",
                "options": "MANAGED ACCESS",
                "owner": "TF_DEPLOY_ROLE",
                "owner_role_type": "ROLE",
                "retention_time": "1"
              }
            ],
            "storage_serialization_policy": "OPTIMIZED",
            "suspend_task_after_num_failures": 10,
            "task_auto_retry_attempts": 0,
            "timeouts": null,
            "trace_level": "OFF",
            "user_task_managed_initial_warehouse_size": "Medium",
            "user_task_minimum_trigger_interval_in_seconds": 30,
            "user_task_timeout_ms": 3600000,
            "with_managed_access": "true"
          },
          "sensitive_attributes": [],
          "identity_schema_version": 0,
          "private": "eyJlMmJmYjczMC1lY2FhLTExZTYtOGY4OC0zNDM2M2JjN2M0YzAiOnsiY3JlYXRlIjoxMjAwMDAwMDAwMDAwLCJkZWxldGUiOjEyMDAwMDAwMDAwMDAsInJlYWQiOjEyMDAwMDAwMDAwMDAsInVwZGF0ZSI6MTIwMDAwMDAwMDAwMH0sInNjaGVtYV92ZXJzaW9uIjoiMiJ9",
          "dependencies": [
            "module.demo_database.snowflake_database.this"
          ]
        },
        {
          "index_key": "DEMO",
          "schema_version": 2,
          "attributes": {
            "catalog": "",
            "comment": "DEMO layer - managed access schema, managed by Terraform",
            "data_retention_time_in_days": 1,
            "database": "TEST_CICD_DEMO_TEST",
            "default_ddl_collation": "",
            "default_notebook_compute_pool_cpu": "SYSTEM_COMPUTE_POOL_CPU",
            "default_notebook_compute_pool_gpu": "SYSTEM_COMPUTE_POOL_GPU",
            "describe_output": [],
            "enable_console_output": false,
            "external_volume": "",
            "fully_qualified_name": "\"TEST_CICD_DEMO_TEST\".\"DEMO\"",
            "id": "\"TEST_CICD_DEMO_TEST\".\"DEMO\"",
            "is_transient": "default",
            "log_event_level": "OFF",
            "log_level": "OFF",
            "max_data_extension_time_in_days": 14,
            "name": "DEMO",
            "parameters": [
              {
                "catalog": [
                  {
                    "default": "",
                    "description": "Name of the catalog integration to use for iceberg tables",
                    "key": "CATALOG",
                    "level": "",
                    "value": ""
                  }
                ],
                "data_retention_time_in_days": [
                  {
                    "default": "1",
                    "description": "number of days to retain the old version of deleted/updated data",
                    "key": "DATA_RETENTION_TIME_IN_DAYS",
                    "level": "DATABASE",
                    "value": "1"
                  }
                ],
                "default_ddl_collation": [
                  {
                    "default": "",
                    "description": "Collation that is used for all the new columns created by the DDL statements (if not specified)",
                    "key": "DEFAULT_DDL_COLLATION",
                    "level": "",
                    "value": ""
                  }
                ],
                "enable_console_output": [
                  {
                    "default": "false",
                    "description": "Enable stdout/stderr fast path logging for anonyous stored procs. This is a public parameter (similar to LOG_LEVEL).",
                    "key": "ENABLE_CONSOLE_OUTPUT",
                    "level": "",
                    "value": "false"
                  }
                ],
                "external_volume": [
                  {
                    "default": "",
                    "description": "Name of an external volume that will be used for persisted Iceberg metadata and data files.",
                    "key": "EXTERNAL_VOLUME",
                    "level": "",
                    "value": ""
                  }
                ],
                "log_event_level": [
                  {
                    "default": "OFF",
                    "description": "LOG_EVENT_LEVEL to use when filtering log events",
                    "key": "LOG_EVENT_LEVEL",
                    "level": "",
                    "value": "OFF"
                  }
                ],
                "log_level": [
                  {
                    "default": "OFF",
                    "description": "LOG_LEVEL to use when filtering events",
                    "key": "LOG_LEVEL",
                    "level": "",
                    "value": "OFF"
                  }
                ],
                "max_data_extension_time_in_days": [
                  {
                    "default": "14",
                    "description": "Maximum number of days to extend data retention beyond the retention period to prevent a stream becoming stale.",
                    "key": "MAX_DATA_EXTENSION_TIME_IN_DAYS",
                    "level": "",
                    "value": "14"
                  }
                ],
                "pipe_execution_paused": [
                  {
                    "default": "false",
                    "description": "Pause processing of files for a pipe",
                    "key": "PIPE_EXECUTION_PAUSED",
                    "level": "",
                    "value": "false"
                  }
                ],
                "quoted_identifiers_ignore_case": [
                  {
                    "default": "false",
                    "description": "If true, the case of quoted identifiers is ignored",
                    "key": "QUOTED_IDENTIFIERS_IGNORE_CASE",
                    "level": "",
                    "value": "false"
                  }
                ],
                "replace_invalid_characters": [
                  {
                    "default": "false",
                    "description": "Replace invalid UTF-8 characters found in Iceberg table external data files with the Unicode replacement character",
                    "key": "REPLACE_INVALID_CHARACTERS",
                    "level": "",
                    "value": "false"
                  }
                ],
                "storage_serialization_policy": [
                  {
                    "default": "OPTIMIZED",
                    "description": "Storage serialization policy used for managed Iceberg table. This include encodings and compressions",
                    "key": "STORAGE_SERIALIZATION_POLICY",
                    "level": "",
                    "value": "OPTIMIZED"
                  }
                ],
                "suspend_task_after_num_failures": [
                  {
                    "default": "10",
                    "description": "How many times a task must fail in a row before it is automatically suspended. 0 disables auto-suspending.",
                    "key": "SUSPEND_TASK_AFTER_NUM_FAILURES",
                    "level": "",
                    "value": "10"
                  }
                ],
                "task_auto_retry_attempts": [
                  {
                    "default": "0",
                    "description": "Maximum Automatic Retries Allowed For A User Task",
                    "key": "TASK_AUTO_RETRY_ATTEMPTS",
                    "level": "",
                    "value": "0"
                  }
                ],
                "trace_level": [
                  {
                    "default": "OFF",
                    "description": "Trace level value to use when generating/filtering trace events",
                    "key": "TRACE_LEVEL",
                    "level": "",
                    "value": "OFF"
                  }
                ],
                "user_task_managed_initial_warehouse_size": [
                  {
                    "default": "Medium",
                    "description": "The initial size of warehouse to use for managed warehouses in the absence of history",
                    "key": "USER_TASK_MANAGED_INITIAL_WAREHOUSE_SIZE",
                    "level": "",
                    "value": "Medium"
                  }
                ],
                "user_task_minimum_trigger_interval_in_seconds": [
                  {
                    "default": "30",
                    "description": "Minimum amount of time between Triggered Task executions in seconds",
                    "key": "USER_TASK_MINIMUM_TRIGGER_INTERVAL_IN_SECONDS",
                    "level": "",
                    "value": "30"
                  }
                ],
                "user_task_timeout_ms": [
                  {
                    "default": "3600000",
                    "description": "User task execution timeout in milliseconds",
                    "key": "USER_TASK_TIMEOUT_MS",
                    "level": "",
                    "value": "3600000"
                  }
                ]
              }
            ],
            "pipe_execution_paused": false,
            "quoted_identifiers_ignore_case": false,
            "replace_invalid_characters": false,
            "show_output": [
              {
                "comment": "DEMO layer - managed access schema, managed by Terraform",
                "created_on": "2026-09-25 04:57:11.943 -0700 PDT",
                "database_name": "TEST_CICD_DEMO_TEST",
                "dropped_on": "0001-01-01 00:00:00 +0000 UTC",
                "is_current": true,
                "is_default": false,
                "name": "DEMO",
                "options": "MANAGED ACCESS",
                "owner": "TF_DEPLOY_ROLE",
                "owner_role_type": "ROLE",
                "retention_time": "1"
              }
            ],
            "storage_serialization_policy": "OPTIMIZED",
            "suspend_task_after_num_failures": 10,
            "task_auto_retry_attempts": 0,
            "timeouts": null,
            "trace_level": "OFF",
            "user_task_managed_initial_warehouse_size": "Medium",
            "user_task_minimum_trigger_interval_in_seconds": 30,
            "user_task_timeout_ms": 3600000,
            "with_managed_access": "true"
          },
          "sensitive_attributes": [],
          "identity_schema_version": 0,
          "private": "eyJlMmJmYjczMC1lY2FhLTExZTYtOGY4OC0zNDM2M2JjN2M0YzAiOnsiY3JlYXRlIjoxMjAwMDAwMDAwMDAwLCJkZWxldGUiOjEyMDAwMDAwMDAwMDAsInJlYWQiOjEyMDAwMDAwMDAwMDAsInVwZGF0ZSI6MTIwMDAwMDAwMDAwMH0sInNjaGVtYV92ZXJzaW9uIjoiMiJ9",
          "dependencies": [
            "module.demo_database.snowflake_database.this"
          ]
        },
        {
          "index_key": "GOLD",
          "schema_version": 2,
          "attributes": {
            "catalog": "",
            "comment": "GOLD layer - managed access schema, managed by Terraform",
            "data_retention_time_in_days": 1,
            "database": "TEST_CICD_DEMO_TEST",
            "default_ddl_collation": "",
            "default_notebook_compute_pool_cpu": "SYSTEM_COMPUTE_POOL_CPU",
            "default_notebook_compute_pool_gpu": "SYSTEM_COMPUTE_POOL_GPU",
            "describe_output": [
              {
                "created_on": "2026-09-25 04:53:06.48 -0700 PDT",
                "kind": "VIEW",
                "name": "V_FUND_PERFORMANCE"
              },
              {
                "created_on": "2026-09-25 04:53:06.114 -0700 PDT",
                "kind": "VIEW",
                "name": "V_INVESTMENT_LATEST_VALUE"
              },
              {
                "created_on": "2026-09-25 04:53:06.901 -0700 PDT",
                "kind": "VIEW",
                "name": "V_SECTOR_EXPOSURE"
              }
            ],
            "enable_console_output": false,
            "external_volume": "",
            "fully_qualified_name": "\"TEST_CICD_DEMO_TEST\".\"GOLD\"",
            "id": "\"TEST_CICD_DEMO_TEST\".\"GOLD\"",
            "is_transient": "default",
            "log_event_level": "OFF",
            "log_level": "OFF",
            "max_data_extension_time_in_days": 14,
            "name": "GOLD",
            "parameters": [
              {
                "catalog": [
                  {
                    "default": "",
                    "description": "Name of the catalog integration to use for iceberg tables",
                    "key": "CATALOG",
                    "level": "",
                    "value": ""
                  }
                ],
                "data_retention_time_in_days": [
                  {
                    "default": "1",
                    "description": "number of days to retain the old version of deleted/updated data",
                    "key": "DATA_RETENTION_TIME_IN_DAYS",
                    "level": "DATABASE",
                    "value": "1"
                  }
                ],
                "default_ddl_collation": [
                  {
                    "default": "",
                    "description": "Collation that is used for all the new columns created by the DDL statements (if not specified)",
                    "key": "DEFAULT_DDL_COLLATION",
                    "level": "",
                    "value": ""
                  }
                ],
                "enable_console_output": [
                  {
                    "default": "false",
                    "description": "Enable stdout/stderr fast path logging for anonyous stored procs. This is a public parameter (similar to LOG_LEVEL).",
                    "key": "ENABLE_CONSOLE_OUTPUT",
                    "level": "",
                    "value": "false"
                  }
                ],
                "external_volume": [
                  {
                    "default": "",
                    "description": "Name of an external volume that will be used for persisted Iceberg metadata and data files.",
                    "key": "EXTERNAL_VOLUME",
                    "level": "",
                    "value": ""
                  }
                ],
                "log_event_level": [
                  {
                    "default": "OFF",
                    "description": "LOG_EVENT_LEVEL to use when filtering log events",
                    "key": "LOG_EVENT_LEVEL",
                    "level": "",
                    "value": "OFF"
                  }
                ],
                "log_level": [
                  {
                    "default": "OFF",
                    "description": "LOG_LEVEL to use when filtering events",
                    "key": "LOG_LEVEL",
                    "level": "",
                    "value": "OFF"
                  }
                ],
                "max_data_extension_time_in_days": [
                  {
                    "default": "14",
                    "description": "Maximum number of days to extend data retention beyond the retention period to prevent a stream becoming stale.",
                    "key": "MAX_DATA_EXTENSION_TIME_IN_DAYS",
                    "level": "",
                    "value": "14"
                  }
                ],
                "pipe_execution_paused": [
                  {
                    "default": "false",
                    "description": "Pause processing of files for a pipe",
                    "key": "PIPE_EXECUTION_PAUSED",
                    "level": "",
                    "value": "false"
                  }
                ],
                "quoted_identifiers_ignore_case": [
                  {
                    "default": "false",
                    "description": "If true, the case of quoted identifiers is ignored",
                    "key": "QUOTED_IDENTIFIERS_IGNORE_CASE",
                    "level": "",
                    "value": "false"
                  }
                ],
                "replace_invalid_characters": [
                  {
                    "default": "false",
                    "description": "Replace invalid UTF-8 characters found in Iceberg table external data files with the Unicode replacement character",
                    "key": "REPLACE_INVALID_CHARACTERS",
                    "level": "",
                    "value": "false"
                  }
                ],
                "storage_serialization_policy": [
                  {
                    "default": "OPTIMIZED",
                    "description": "Storage serialization policy used for managed Iceberg table. This include encodings and compressions",
                    "key": "STORAGE_SERIALIZATION_POLICY",
                    "level": "",
                    "value": "OPTIMIZED"
                  }
                ],
                "suspend_task_after_num_failures": [
                  {
                    "default": "10",
                    "description": "How many times a task must fail in a row before it is automatically suspended. 0 disables auto-suspending.",
                    "key": "SUSPEND_TASK_AFTER_NUM_FAILURES",
                    "level": "",
                    "value": "10"
                  }
                ],
                "task_auto_retry_attempts": [
                  {
                    "default": "0",
                    "description": "Maximum Automatic Retries Allowed For A User Task",
                    "key": "TASK_AUTO_RETRY_ATTEMPTS",
                    "level": "",
                    "value": "0"
                  }
                ],
                "trace_level": [
                  {
                    "default": "OFF",
                    "description": "Trace level value to use when generating/filtering trace events",
                    "key": "TRACE_LEVEL",
                    "level": "",
                    "value": "OFF"
                  }
                ],
                "user_task_managed_initial_warehouse_size": [
                  {
                    "default": "Medium",
                    "description": "The initial size of warehouse to use for managed warehouses in the absence of history",
                    "key": "USER_TASK_MANAGED_INITIAL_WAREHOUSE_SIZE",
                    "level": "",
                    "value": "Medium"
                  }
                ],
                "user_task_minimum_trigger_interval_in_seconds": [
                  {
                    "default": "30",
                    "description": "Minimum amount of time between Triggered Task executions in seconds",
                    "key": "USER_TASK_MINIMUM_TRIGGER_INTERVAL_IN_SECONDS",
                    "level": "",
                    "value": "30"
                  }
                ],
                "user_task_timeout_ms": [
                  {
                    "default": "3600000",
                    "description": "User task execution timeout in milliseconds",
                    "key": "USER_TASK_TIMEOUT_MS",
                    "level": "",
                    "value": "3600000"
                  }
                ]
              }
            ],
            "pipe_execution_paused": false,
            "quoted_identifiers_ignore_case": false,
            "replace_invalid_characters": false,
            "show_output": [
              {
                "comment": "GOLD layer - managed access schema, managed by Terraform",
                "created_on": "2026-09-25 04:34:36.873 -0700 PDT",
                "database_name": "TEST_CICD_DEMO_TEST",
                "dropped_on": "0001-01-01 00:00:00 +0000 UTC",
                "is_current": false,
                "is_default": false,
                "name": "GOLD",
                "options": "MANAGED ACCESS",
                "owner": "TF_DEPLOY_ROLE",
                "owner_role_type": "ROLE",
                "retention_time": "1"
              }
            ],
            "storage_serialization_policy": "OPTIMIZED",
            "suspend_task_after_num_failures": 10,
            "task_auto_retry_attempts": 0,
            "timeouts": null,
            "trace_level": "OFF",
            "user_task_managed_initial_warehouse_size": "Medium",
            "user_task_minimum_trigger_interval_in_seconds": 30,
            "user_task_timeout_ms": 3600000,
            "with_managed_access": "true"
          },
          "sensitive_attributes": [],
          "identity_schema_version": 0,
          "private": "eyJlMmJmYjczMC1lY2FhLTExZTYtOGY4OC0zNDM2M2JjN2M0YzAiOnsiY3JlYXRlIjoxMjAwMDAwMDAwMDAwLCJkZWxldGUiOjEyMDAwMDAwMDAwMDAsInJlYWQiOjEyMDAwMDAwMDAwMDAsInVwZGF0ZSI6MTIwMDAwMDAwMDAwMH0sInNjaGVtYV92ZXJzaW9uIjoiMiJ9",
          "dependencies": [
            "module.demo_database.snowflake_database.this"
          ]
        },
        {
          "index_key": "PUBLISHED",
          "schema_version": 2,
          "attributes": {
            "catalog": "",
            "comment": "PUBLISHED layer - managed access schema, managed by Terraform",
            "data_retention_time_in_days": 1,
            "database": "TEST_CICD_DEMO_TEST",
            "default_ddl_collation": "",
            "default_notebook_compute_pool_cpu": "SYSTEM_COMPUTE_POOL_CPU",
            "default_notebook_compute_pool_gpu": "SYSTEM_COMPUTE_POOL_GPU",
            "describe_output": [],
            "enable_console_output": false,
            "external_volume": "",
            "fully_qualified_name": "\"TEST_CICD_DEMO_TEST\".\"PUBLISHED\"",
            "id": "\"TEST_CICD_DEMO_TEST\".\"PUBLISHED\"",
            "is_transient": "default",
            "log_event_level": "OFF",
            "log_level": "OFF",
            "max_data_extension_time_in_days": 14,
            "name": "PUBLISHED",
            "parameters": [
              {
                "catalog": [
                  {
                    "default": "",
                    "description": "Name of the catalog integration to use for iceberg tables",
                    "key": "CATALOG",
                    "level": "",
                    "value": ""
                  }
                ],
                "data_retention_time_in_days": [
                  {
                    "default": "1",
                    "description": "number of days to retain the old version of deleted/updated data",
                    "key": "DATA_RETENTION_TIME_IN_DAYS",
                    "level": "DATABASE",
                    "value": "1"
                  }
                ],
                "default_ddl_collation": [
                  {
                    "default": "",
                    "description": "Collation that is used for all the new columns created by the DDL statements (if not specified)",
                    "key": "DEFAULT_DDL_COLLATION",
                    "level": "",
                    "value": ""
                  }
                ],
                "enable_console_output": [
                  {
                    "default": "false",
                    "description": "Enable stdout/stderr fast path logging for anonyous stored procs. This is a public parameter (similar to LOG_LEVEL).",
                    "key": "ENABLE_CONSOLE_OUTPUT",
                    "level": "",
                    "value": "false"
                  }
                ],
                "external_volume": [
                  {
                    "default": "",
                    "description": "Name of an external volume that will be used for persisted Iceberg metadata and data files.",
                    "key": "EXTERNAL_VOLUME",
                    "level": "",
                    "value": ""
                  }
                ],
                "log_event_level": [
                  {
                    "default": "OFF",
                    "description": "LOG_EVENT_LEVEL to use when filtering log events",
                    "key": "LOG_EVENT_LEVEL",
                    "level": "",
                    "value": "OFF"
                  }
                ],
                "log_level": [
                  {
                    "default": "OFF",
                    "description": "LOG_LEVEL to use when filtering events",
                    "key": "LOG_LEVEL",
                    "level": "",
                    "value": "OFF"
                  }
                ],
                "max_data_extension_time_in_days": [
                  {
                    "default": "14",
                    "description": "Maximum number of days to extend data retention beyond the retention period to prevent a stream becoming stale.",
                    "key": "MAX_DATA_EXTENSION_TIME_IN_DAYS",
                    "level": "",
                    "value": "14"
                  }
                ],
                "pipe_execution_paused": [
                  {
                    "default": "false",
                    "description": "Pause processing of files for a pipe",
                    "key": "PIPE_EXECUTION_PAUSED",
                    "level": "",
                    "value": "false"
                  }
                ],
                "quoted_identifiers_ignore_case": [
                  {
                    "default": "false",
                    "description": "If true, the case of quoted identifiers is ignored",
                    "key": "QUOTED_IDENTIFIERS_IGNORE_CASE",
                    "level": "",
                    "value": "false"
                  }
                ],
                "replace_invalid_characters": [
                  {
                    "default": "false",
                    "description": "Replace invalid UTF-8 characters found in Iceberg table external data files with the Unicode replacement character",
                    "key": "REPLACE_INVALID_CHARACTERS",
                    "level": "",
                    "value": "false"
                  }
                ],
                "storage_serialization_policy": [
                  {
                    "default": "OPTIMIZED",
                    "description": "Storage serialization policy used for managed Iceberg table. This include encodings and compressions",
                    "key": "STORAGE_SERIALIZATION_POLICY",
                    "level": "",
                    "value": "OPTIMIZED"
                  }
                ],
                "suspend_task_after_num_failures": [
                  {
                    "default": "10",
                    "description": "How many times a task must fail in a row before it is automatically suspended. 0 disables auto-suspending.",
                    "key": "SUSPEND_TASK_AFTER_NUM_FAILURES",
                    "level": "",
                    "value": "10"
                  }
                ],
                "task_auto_retry_attempts": [
                  {
                    "default": "0",
                    "description": "Maximum Automatic Retries Allowed For A User Task",
                    "key": "TASK_AUTO_RETRY_ATTEMPTS",
                    "level": "",
                    "value": "0"
                  }
                ],
                "trace_level": [
                  {
                    "default": "OFF",
                    "description": "Trace level value to use when generating/filtering trace events",
                    "key": "TRACE_LEVEL",
                    "level": "",
                    "value": "OFF"
                  }
                ],
                "user_task_managed_initial_warehouse_size": [
                  {
                    "default": "Medium",
                    "description": "The initial size of warehouse to use for managed warehouses in the absence of history",
                    "key": "USER_TASK_MANAGED_INITIAL_WAREHOUSE_SIZE",
                    "level": "",
                    "value": "Medium"
                  }
                ],
                "user_task_minimum_trigger_interval_in_seconds": [
                  {
                    "default": "30",
                    "description": "Minimum amount of time between Triggered Task executions in seconds",
                    "key": "USER_TASK_MINIMUM_TRIGGER_INTERVAL_IN_SECONDS",
                    "level": "",
                    "value": "30"
                  }
                ],
                "user_task_timeout_ms": [
                  {
                    "default": "3600000",
                    "description": "User task execution timeout in milliseconds",
                    "key": "USER_TASK_TIMEOUT_MS",
                    "level": "",
                    "value": "3600000"
                  }
                ]
              }
            ],
            "pipe_execution_paused": false,
            "quoted_identifiers_ignore_case": false,
            "replace_invalid_characters": false,
            "show_output": [
              {
                "comment": "PUBLISHED layer - managed access schema, managed by Terraform",
                "created_on": "2026-09-25 04:34:36.59 -0700 PDT",
                "database_name": "TEST_CICD_DEMO_TEST",
                "dropped_on": "0001-01-01 00:00:00 +0000 UTC",
                "is_current": false,
                "is_default": false,
                "name": "PUBLISHED",
                "options": "MANAGED ACCESS",
                "owner": "TF_DEPLOY_ROLE",
                "owner_role_type": "ROLE",
                "retention_time": "1"
              }
            ],
            "storage_serialization_policy": "OPTIMIZED",
            "suspend_task_after_num_failures": 10,
            "task_auto_retry_attempts": 0,
            "timeouts": null,
            "trace_level": "OFF",
            "user_task_managed_initial_warehouse_size": "Medium",
            "user_task_minimum_trigger_interval_in_seconds": 30,
            "user_task_timeout_ms": 3600000,
            "with_managed_access": "true"
          },
          "sensitive_attributes": [],
          "identity_schema_version": 0,
          "private": "eyJlMmJmYjczMC1lY2FhLTExZTYtOGY4OC0zNDM2M2JjN2M0YzAiOnsiY3JlYXRlIjoxMjAwMDAwMDAwMDAwLCJkZWxldGUiOjEyMDAwMDAwMDAwMDAsInJlYWQiOjEyMDAwMDAwMDAwMDAsInVwZGF0ZSI6MTIwMDAwMDAwMDAwMH0sInNjaGVtYV92ZXJzaW9uIjoiMiJ9",
          "dependencies": [
            "module.demo_database.snowflake_database.this"
          ]
        },
        {
          "index_key": "SEMANTIC",
          "schema_version": 2,
          "attributes": {
            "catalog": "",
            "comment": "SEMANTIC layer - managed access schema, managed by Terraform",
            "data_retention_time_in_days": 1,
            "database": "TEST_CICD_DEMO_TEST",
            "default_ddl_collation": "",
            "default_notebook_compute_pool_cpu": "SYSTEM_COMPUTE_POOL_CPU",
            "default_notebook_compute_pool_gpu": "SYSTEM_COMPUTE_POOL_GPU",
            "describe_output": [],
            "enable_console_output": false,
            "external_volume": "",
            "fully_qualified_name": "\"TEST_CICD_DEMO_TEST\".\"SEMANTIC\"",
            "id": "\"TEST_CICD_DEMO_TEST\".\"SEMANTIC\"",
            "is_transient": "default",
            "log_event_level": "OFF",
            "log_level": "OFF",
            "max_data_extension_time_in_days": 14,
            "name": "SEMANTIC",
            "parameters": [
              {
                "catalog": [
                  {
                    "default": "",
                    "description": "Name of the catalog integration to use for iceberg tables",
                    "key": "CATALOG",
                    "level": "",
                    "value": ""
                  }
                ],
                "data_retention_time_in_days": [
                  {
                    "default": "1",
                    "description": "number of days to retain the old version of deleted/updated data",
                    "key": "DATA_RETENTION_TIME_IN_DAYS",
                    "level": "DATABASE",
                    "value": "1"
                  }
                ],
                "default_ddl_collation": [
                  {
                    "default": "",
                    "description": "Collation that is used for all the new columns created by the DDL statements (if not specified)",
                    "key": "DEFAULT_DDL_COLLATION",
                    "level": "",
                    "value": ""
                  }
                ],
                "enable_console_output": [
                  {
                    "default": "false",
                    "description": "Enable stdout/stderr fast path logging for anonyous stored procs. This is a public parameter (similar to LOG_LEVEL).",
                    "key": "ENABLE_CONSOLE_OUTPUT",
                    "level": "",
                    "value": "false"
                  }
                ],
                "external_volume": [
                  {
                    "default": "",
                    "description": "Name of an external volume that will be used for persisted Iceberg metadata and data files.",
                    "key": "EXTERNAL_VOLUME",
                    "level": "",
                    "value": ""
                  }
                ],
                "log_event_level": [
                  {
                    "default": "OFF",
                    "description": "LOG_EVENT_LEVEL to use when filtering log events",
                    "key": "LOG_EVENT_LEVEL",
                    "level": "",
                    "value": "OFF"
                  }
                ],
                "log_level": [
                  {
                    "default": "OFF",
                    "description": "LOG_LEVEL to use when filtering events",
                    "key": "LOG_LEVEL",
                    "level": "",
                    "value": "OFF"
                  }
                ],
                "max_data_extension_time_in_days": [
                  {
                    "default": "14",
                    "description": "Maximum number of days to extend data retention beyond the retention period to prevent a stream becoming stale.",
                    "key": "MAX_DATA_EXTENSION_TIME_IN_DAYS",
                    "level": "",
                    "value": "14"
                  }
                ],
                "pipe_execution_paused": [
                  {
                    "default": "false",
                    "description": "Pause processing of files for a pipe",
                    "key": "PIPE_EXECUTION_PAUSED",
                    "level": "",
                    "value": "false"
                  }
                ],
                "quoted_identifiers_ignore_case": [
                  {
                    "default": "false",
                    "description": "If true, the case of quoted identifiers is ignored",
                    "key": "QUOTED_IDENTIFIERS_IGNORE_CASE",
                    "level": "",
                    "value": "false"
                  }
                ],
                "replace_invalid_characters": [
                  {
                    "default": "false",
                    "description": "Replace invalid UTF-8 characters found in Iceberg table external data files with the Unicode replacement character",
                    "key": "REPLACE_INVALID_CHARACTERS",
                    "level": "",
                    "value": "false"
                  }
                ],
                "storage_serialization_policy": [
                  {
                    "default": "OPTIMIZED",
                    "description": "Storage serialization policy used for managed Iceberg table. This include encodings and compressions",
                    "key": "STORAGE_SERIALIZATION_POLICY",
                    "level": "",
                    "value": "OPTIMIZED"
                  }
                ],
                "suspend_task_after_num_failures": [
                  {
                    "default": "10",
                    "description": "How many times a task must fail in a row before it is automatically suspended. 0 disables auto-suspending.",
                    "key": "SUSPEND_TASK_AFTER_NUM_FAILURES",
                    "level": "",
                    "value": "10"
                  }
                ],
                "task_auto_retry_attempts": [
                  {
                    "default": "0",
                    "description": "Maximum Automatic Retries Allowed For A User Task",
                    "key": "TASK_AUTO_RETRY_ATTEMPTS",
                    "level": "",
                    "value": "0"
                  }
                ],
                "trace_level": [
                  {
                    "default": "OFF",
                    "description": "Trace level value to use when generating/filtering trace events",
                    "key": "TRACE_LEVEL",
                    "level": "",
                    "value": "OFF"
                  }
                ],
                "user_task_managed_initial_warehouse_size": [
                  {
                    "default": "Medium",
                    "description": "The initial size of warehouse to use for managed warehouses in the absence of history",
                    "key": "USER_TASK_MANAGED_INITIAL_WAREHOUSE_SIZE",
                    "level": "",
                    "value": "Medium"
                  }
                ],
                "user_task_minimum_trigger_interval_in_seconds": [
                  {
                    "default": "30",
                    "description": "Minimum amount of time between Triggered Task executions in seconds",
                    "key": "USER_TASK_MINIMUM_TRIGGER_INTERVAL_IN_SECONDS",
                    "level": "",
                    "value": "30"
                  }
                ],
                "user_task_timeout_ms": [
                  {
                    "default": "3600000",
                    "description": "User task execution timeout in milliseconds",
                    "key": "USER_TASK_TIMEOUT_MS",
                    "level": "",
                    "value": "3600000"
                  }
                ]
              }
            ],
            "pipe_execution_paused": false,
            "quoted_identifiers_ignore_case": false,
            "replace_invalid_characters": false,
            "show_output": [
              {
                "comment": "SEMANTIC layer - managed access schema, managed by Terraform",
                "created_on": "2026-09-25 04:34:36.593 -0700 PDT",
                "database_name": "TEST_CICD_DEMO_TEST",
                "dropped_on": "0001-01-01 00:00:00 +0000 UTC",
                "is_current": false,
                "is_default": false,
                "name": "SEMANTIC",
                "options": "MANAGED ACCESS",
                "owner": "TF_DEPLOY_ROLE",
                "owner_role_type": "ROLE",
                "retention_time": "1"
              }
            ],
            "storage_serialization_policy": "OPTIMIZED",
            "suspend_task_after_num_failures": 10,
            "task_auto_retry_attempts": 0,
            "timeouts": null,
            "trace_level": "OFF",
            "user_task_managed_initial_warehouse_size": "Medium",
            "user_task_minimum_trigger_interval_in_seconds": 30,
            "user_task_timeout_ms": 3600000,
            "with_managed_access": "true"
          },
          "sensitive_attributes": [],
          "identity_schema_version": 0,
          "private": "eyJlMmJmYjczMC1lY2FhLTExZTYtOGY4OC0zNDM2M2JjN2M0YzAiOnsiY3JlYXRlIjoxMjAwMDAwMDAwMDAwLCJkZWxldGUiOjEyMDAwMDAwMDAwMDAsInJlYWQiOjEyMDAwMDAwMDAwMDAsInVwZGF0ZSI6MTIwMDAwMDAwMDAwMH0sInNjaGVtYV92ZXJzaW9uIjoiMiJ9",
          "dependencies": [
            "module.demo_database.snowflake_database.this"
          ]
        },
        {
          "index_key": "SILVER",
          "schema_version": 2,
          "attributes": {
            "catalog": "",
            "comment": "SILVER layer - managed access schema, managed by Terraform",
            "data_retention_time_in_days": 1,
            "database": "TEST_CICD_DEMO_TEST",
            "default_ddl_collation": "",
            "default_notebook_compute_pool_cpu": "SYSTEM_COMPUTE_POOL_CPU",
            "default_notebook_compute_pool_gpu": "SYSTEM_COMPUTE_POOL_GPU",
            "describe_output": [
              {
                "created_on": "2026-09-25 04:53:04.162 -0700 PDT",
                "kind": "TABLE",
                "name": "DIM_FUND"
              },
              {
                "created_on": "2026-09-25 04:53:04.818 -0700 PDT",
                "kind": "TABLE",
                "name": "DIM_PORTFOLIO_COMPANY"
              },
              {
                "created_on": "2026-09-25 04:53:05.463 -0700 PDT",
                "kind": "TABLE",
                "name": "FACT_VALUATION"
              }
            ],
            "enable_console_output": false,
            "external_volume": "",
            "fully_qualified_name": "\"TEST_CICD_DEMO_TEST\".\"SILVER\"",
            "id": "\"TEST_CICD_DEMO_TEST\".\"SILVER\"",
            "is_transient": "default",
            "log_event_level": "OFF",
            "log_level": "OFF",
            "max_data_extension_time_in_days": 14,
            "name": "SILVER",
            "parameters": [
              {
                "catalog": [
                  {
                    "default": "",
                    "description": "Name of the catalog integration to use for iceberg tables",
                    "key": "CATALOG",
                    "level": "",
                    "value": ""
                  }
                ],
                "data_retention_time_in_days": [
                  {
                    "default": "1",
                    "description": "number of days to retain the old version of deleted/updated data",
                    "key": "DATA_RETENTION_TIME_IN_DAYS",
                    "level": "DATABASE",
                    "value": "1"
                  }
                ],
                "default_ddl_collation": [
                  {
                    "default": "",
                    "description": "Collation that is used for all the new columns created by the DDL statements (if not specified)",
                    "key": "DEFAULT_DDL_COLLATION",
                    "level": "",
                    "value": ""
                  }
                ],
                "enable_console_output": [
                  {
                    "default": "false",
                    "description": "Enable stdout/stderr fast path logging for anonyous stored procs. This is a public parameter (similar to LOG_LEVEL).",
                    "key": "ENABLE_CONSOLE_OUTPUT",
                    "level": "",
                    "value": "false"
                  }
                ],
                "external_volume": [
                  {
                    "default": "",
                    "description": "Name of an external volume that will be used for persisted Iceberg metadata and data files.",
                    "key": "EXTERNAL_VOLUME",
                    "level": "",
                    "value": ""
                  }
                ],
                "log_event_level": [
                  {
                    "default": "OFF",
                    "description": "LOG_EVENT_LEVEL to use when filtering log events",
                    "key": "LOG_EVENT_LEVEL",
                    "level": "",
                    "value": "OFF"
                  }
                ],
                "log_level": [
                  {
                    "default": "OFF",
                    "description": "LOG_LEVEL to use when filtering events",
                    "key": "LOG_LEVEL",
                    "level": "",
                    "value": "OFF"
                  }
                ],
                "max_data_extension_time_in_days": [
                  {
                    "default": "14",
                    "description": "Maximum number of days to extend data retention beyond the retention period to prevent a stream becoming stale.",
                    "key": "MAX_DATA_EXTENSION_TIME_IN_DAYS",
                    "level": "",
                    "value": "14"
                  }
                ],
                "pipe_execution_paused": [
                  {
                    "default": "false",
                    "description": "Pause processing of files for a pipe",
                    "key": "PIPE_EXECUTION_PAUSED",
                    "level": "",
                    "value": "false"
                  }
                ],
                "quoted_identifiers_ignore_case": [
                  {
                    "default": "false",
                    "description": "If true, the case of quoted identifiers is ignored",
                    "key": "QUOTED_IDENTIFIERS_IGNORE_CASE",
                    "level": "",
                    "value": "false"
                  }
                ],
                "replace_invalid_characters": [
                  {
                    "default": "false",
                    "description": "Replace invalid UTF-8 characters found in Iceberg table external data files with the Unicode replacement character",
                    "key": "REPLACE_INVALID_CHARACTERS",
                    "level": "",
                    "value": "false"
                  }
                ],
                "storage_serialization_policy": [
                  {
                    "default": "OPTIMIZED",
                    "description": "Storage serialization policy used for managed Iceberg table. This include encodings and compressions",
                    "key": "STORAGE_SERIALIZATION_POLICY",
                    "level": "",
                    "value": "OPTIMIZED"
                  }
                ],
                "suspend_task_after_num_failures": [
                  {
                    "default": "10",
                    "description": "How many times a task must fail in a row before it is automatically suspended. 0 disables auto-suspending.",
                    "key": "SUSPEND_TASK_AFTER_NUM_FAILURES",
                    "level": "",
                    "value": "10"
                  }
                ],
                "task_auto_retry_attempts": [
                  {
                    "default": "0",
                    "description": "Maximum Automatic Retries Allowed For A User Task",
                    "key": "TASK_AUTO_RETRY_ATTEMPTS",
                    "level": "",
                    "value": "0"
                  }
                ],
                "trace_level": [
                  {
                    "default": "OFF",
                    "description": "Trace level value to use when generating/filtering trace events",
                    "key": "TRACE_LEVEL",
                    "level": "",
                    "value": "OFF"
                  }
                ],
                "user_task_managed_initial_warehouse_size": [
                  {
                    "default": "Medium",
                    "description": "The initial size of warehouse to use for managed warehouses in the absence of history",
                    "key": "USER_TASK_MANAGED_INITIAL_WAREHOUSE_SIZE",
                    "level": "",
                    "value": "Medium"
                  }
                ],
                "user_task_minimum_trigger_interval_in_seconds": [
                  {
                    "default": "30",
                    "description": "Minimum amount of time between Triggered Task executions in seconds",
                    "key": "USER_TASK_MINIMUM_TRIGGER_INTERVAL_IN_SECONDS",
                    "level": "",
                    "value": "30"
                  }
                ],
                "user_task_timeout_ms": [
                  {
                    "default": "3600000",
                    "description": "User task execution timeout in milliseconds",
                    "key": "USER_TASK_TIMEOUT_MS",
                    "level": "",
                    "value": "3600000"
                  }
                ]
              }
            ],
            "pipe_execution_paused": false,
            "quoted_identifiers_ignore_case": false,
            "replace_invalid_characters": false,
            "show_output": [
              {
                "comment": "SILVER layer - managed access schema, managed by Terraform",
                "created_on": "2026-09-25 04:34:36.598 -0700 PDT",
                "database_name": "TEST_CICD_DEMO_TEST",
                "dropped_on": "0001-01-01 00:00:00 +0000 UTC",
                "is_current": false,
                "is_default": false,
                "name": "SILVER",
                "options": "MANAGED ACCESS",
                "owner": "TF_DEPLOY_ROLE",
                "owner_role_type": "ROLE",
                "retention_time": "1"
              }
            ],
            "storage_serialization_policy": "OPTIMIZED",
            "suspend_task_after_num_failures": 10,
            "task_auto_retry_attempts": 0,
            "timeouts": null,
            "trace_level": "OFF",
            "user_task_managed_initial_warehouse_size": "Medium",
            "user_task_minimum_trigger_interval_in_seconds": 30,
            "user_task_timeout_ms": 3600000,
            "with_managed_access": "true"
          },
          "sensitive_attributes": [],
          "identity_schema_version": 0,
          "private": "eyJlMmJmYjczMC1lY2FhLTExZTYtOGY4OC0zNDM2M2JjN2M0YzAiOnsiY3JlYXRlIjoxMjAwMDAwMDAwMDAwLCJkZWxldGUiOjEyMDAwMDAwMDAwMDAsInJlYWQiOjEyMDAwMDAwMDAwMDAsInVwZGF0ZSI6MTIwMDAwMDAwMDAwMH0sInNjaGVtYV92ZXJzaW9uIjoiMiJ9",
          "dependencies": [
            "module.demo_database.snowflake_database.this"
          ]
        }
      ]
    },
    {
      "module": "module.engineer_role",
      "mode": "managed",
      "type": "snowflake_account_role",
      "name": "this",
      "provider": "provider[\"registry.terraform.io/snowflakedb/snowflake\"]",
      "instances": [
        {
          "schema_version": 0,
          "attributes": {
            "comment": "Read/write on all medallion layers in TEST_CICD_DEMO_TEST",
            "fully_qualified_name": "\"TEST_CICD_DEMO_TEST_ENGINEER\"",
            "id": "TEST_CICD_DEMO_TEST_ENGINEER",
            "name": "TEST_CICD_DEMO_TEST_ENGINEER",
            "show_output": [
              {
                "assigned_to_users": 0,
                "comment": "Read/write on all medallion layers in TEST_CICD_DEMO_TEST",
                "created_on": "2026-09-25 04:34:34.274 -0700 PDT",
                "granted_roles": 0,
                "granted_to_roles": 1,
                "is_current": false,
                "is_default": false,
                "is_from_organization_user_group": false,
                "is_inherited": false,
                "name": "TEST_CICD_DEMO_TEST_ENGINEER",
                "owner": "TF_DEPLOY_ROLE"
              }
            ],
            "timeouts": null
          },
          "sensitive_attributes": [],
          "identity_schema_version": 0,
          "private": "eyJlMmJmYjczMC1lY2FhLTExZTYtOGY4OC0zNDM2M2JjN2M0YzAiOnsiY3JlYXRlIjoxMjAwMDAwMDAwMDAwLCJkZWxldGUiOjEyMDAwMDAwMDAwMDAsInJlYWQiOjEyMDAwMDAwMDAwMDAsInVwZGF0ZSI6MTIwMDAwMDAwMDAwMH19"
        }
      ]
    },
    {
      "module": "module.engineer_role",
      "mode": "managed",
      "type": "snowflake_grant_account_role",
      "name": "to_parent",
      "provider": "provider[\"registry.terraform.io/snowflakedb/snowflake\"]",
      "instances": [
        {
          "schema_version": 0,
          "attributes": {
            "id": "\"TEST_CICD_DEMO_TEST_ENGINEER\"|ROLE|\"SYSADMIN\"",
            "parent_role_name": "SYSADMIN",
            "role_name": "TEST_CICD_DEMO_TEST_ENGINEER",
            "timeouts": null,
            "user_name": null
          },
          "sensitive_attributes": [],
          "identity_schema_version": 0,
          "private": "eyJlMmJmYjczMC1lY2FhLTExZTYtOGY4OC0zNDM2M2JjN2M0YzAiOnsiY3JlYXRlIjoxMjAwMDAwMDAwMDAwLCJkZWxldGUiOjEyMDAwMDAwMDAwMDAsInJlYWQiOjEyMDAwMDAwMDAwMDAsInVwZGF0ZSI6MTIwMDAwMDAwMDAwMH19",
          "dependencies": [
            "module.engineer_role.snowflake_account_role.this"
          ]
        }
      ]
    },
    {
      "module": "module.engineer_role",
      "mode": "managed",
      "type": "snowflake_grant_database_role",
      "name": "this",
      "provider": "provider[\"registry.terraform.io/snowflakedb/snowflake\"]",
      "instances": [
        {
          "index_key": "BRONZE",
          "schema_version": 0,
          "attributes": {
            "database_role_name": "\"TEST_CICD_DEMO_TEST\".\"BRONZE_RW\"",
            "id": "\"TEST_CICD_DEMO_TEST\".\"BRONZE_RW\"|ROLE|\"TEST_CICD_DEMO_TEST_ENGINEER\"",
            "parent_database_role_name": null,
            "parent_role_name": "TEST_CICD_DEMO_TEST_ENGINEER",
            "share_name": null,
            "timeouts": null
          },
          "sensitive_attributes": [],
          "identity_schema_version": 0,
          "private": "eyJlMmJmYjczMC1lY2FhLTExZTYtOGY4OC0zNDM2M2JjN2M0YzAiOnsiY3JlYXRlIjoxMjAwMDAwMDAwMDAwLCJkZWxldGUiOjEyMDAwMDAwMDAwMDAsInJlYWQiOjEyMDAwMDAwMDAwMDAsInVwZGF0ZSI6MTIwMDAwMDAwMDAwMH19",
          "dependencies": [
            "module.demo_database.snowflake_database.this",
            "module.demo_database.snowflake_database_role.rw",
            "module.engineer_role.snowflake_account_role.this"
          ]
        },
        {
          "index_key": "DEMO",
          "schema_version": 0,
          "attributes": {
            "database_role_name": "\"TEST_CICD_DEMO_TEST\".\"DEMO_RW\"",
            "id": "\"TEST_CICD_DEMO_TEST\".\"DEMO_RW\"|ROLE|\"TEST_CICD_DEMO_TEST_ENGINEER\"",
            "parent_database_role_name": null,
            "parent_role_name": "TEST_CICD_DEMO_TEST_ENGINEER",
            "share_name": null,
            "timeouts": null
          },
          "sensitive_attributes": [],
          "identity_schema_version": 0,
          "private": "eyJlMmJmYjczMC1lY2FhLTExZTYtOGY4OC0zNDM2M2JjN2M0YzAiOnsiY3JlYXRlIjoxMjAwMDAwMDAwMDAwLCJkZWxldGUiOjEyMDAwMDAwMDAwMDAsInJlYWQiOjEyMDAwMDAwMDAwMDAsInVwZGF0ZSI6MTIwMDAwMDAwMDAwMH19",
          "dependencies": [
            "module.demo_database.snowflake_database.this",
            "module.demo_database.snowflake_database_role.rw",
            "module.engineer_role.snowflake_account_role.this"
          ]
        },
        {
          "index_key": "GOLD",
          "schema_version": 0,
          "attributes": {
            "database_role_name": "\"TEST_CICD_DEMO_TEST\".\"GOLD_RW\"",
            "id": "\"TEST_CICD_DEMO_TEST\".\"GOLD_RW\"|ROLE|\"TEST_CICD_DEMO_TEST_ENGINEER\"",
            "parent_database_role_name": null,
            "parent_role_name": "TEST_CICD_DEMO_TEST_ENGINEER",
            "share_name": null,
            "timeouts": null
          },
          "sensitive_attributes": [],
          "identity_schema_version": 0,
          "private": "eyJlMmJmYjczMC1lY2FhLTExZTYtOGY4OC0zNDM2M2JjN2M0YzAiOnsiY3JlYXRlIjoxMjAwMDAwMDAwMDAwLCJkZWxldGUiOjEyMDAwMDAwMDAwMDAsInJlYWQiOjEyMDAwMDAwMDAwMDAsInVwZGF0ZSI6MTIwMDAwMDAwMDAwMH19",
          "dependencies": [
            "module.demo_database.snowflake_database.this",
            "module.demo_database.snowflake_database_role.rw",
            "module.engineer_role.snowflake_account_role.this"
          ]
        },
        {
          "index_key": "PUBLISHED",
          "schema_version": 0,
          "attributes": {
            "database_role_name": "\"TEST_CICD_DEMO_TEST\".\"PUBLISHED_RW\"",
            "id": "\"TEST_CICD_DEMO_TEST\".\"PUBLISHED_RW\"|ROLE|\"TEST_CICD_DEMO_TEST_ENGINEER\"",
            "parent_database_role_name": null,
            "parent_role_name": "TEST_CICD_DEMO_TEST_ENGINEER",
            "share_name": null,
            "timeouts": null
          },
          "sensitive_attributes": [],
          "identity_schema_version": 0,
          "private": "eyJlMmJmYjczMC1lY2FhLTExZTYtOGY4OC0zNDM2M2JjN2M0YzAiOnsiY3JlYXRlIjoxMjAwMDAwMDAwMDAwLCJkZWxldGUiOjEyMDAwMDAwMDAwMDAsInJlYWQiOjEyMDAwMDAwMDAwMDAsInVwZGF0ZSI6MTIwMDAwMDAwMDAwMH19",
          "dependencies": [
            "module.demo_database.snowflake_database.this",
            "module.demo_database.snowflake_database_role.rw",
            "module.engineer_role.snowflake_account_role.this"
          ]
        },
        {
          "index_key": "SEMANTIC",
          "schema_version": 0,
          "attributes": {
            "database_role_name": "\"TEST_CICD_DEMO_TEST\".\"SEMANTIC_RW\"",
            "id": "\"TEST_CICD_DEMO_TEST\".\"SEMANTIC_RW\"|ROLE|\"TEST_CICD_DEMO_TEST_ENGINEER\"",
            "parent_database_role_name": null,
            "parent_role_name": "TEST_CICD_DEMO_TEST_ENGINEER",
            "share_name": null,
            "timeouts": null
          },
          "sensitive_attributes": [],
          "identity_schema_version": 0,
          "private": "eyJlMmJmYjczMC1lY2FhLTExZTYtOGY4OC0zNDM2M2JjN2M0YzAiOnsiY3JlYXRlIjoxMjAwMDAwMDAwMDAwLCJkZWxldGUiOjEyMDAwMDAwMDAwMDAsInJlYWQiOjEyMDAwMDAwMDAwMDAsInVwZGF0ZSI6MTIwMDAwMDAwMDAwMH19",
          "dependencies": [
            "module.demo_database.snowflake_database.this",
            "module.demo_database.snowflake_database_role.rw",
            "module.engineer_role.snowflake_account_role.this"
          ]
        },
        {
          "index_key": "SILVER",
          "schema_version": 0,
          "attributes": {
            "database_role_name": "\"TEST_CICD_DEMO_TEST\".\"SILVER_RW\"",
            "id": "\"TEST_CICD_DEMO_TEST\".\"SILVER_RW\"|ROLE|\"TEST_CICD_DEMO_TEST_ENGINEER\"",
            "parent_database_role_name": null,
            "parent_role_name": "TEST_CICD_DEMO_TEST_ENGINEER",
            "share_name": null,
            "timeouts": null
          },
          "sensitive_attributes": [],
          "identity_schema_version": 0,
          "private": "eyJlMmJmYjczMC1lY2FhLTExZTYtOGY4OC0zNDM2M2JjN2M0YzAiOnsiY3JlYXRlIjoxMjAwMDAwMDAwMDAwLCJkZWxldGUiOjEyMDAwMDAwMDAwMDAsInJlYWQiOjEyMDAwMDAwMDAwMDAsInVwZGF0ZSI6MTIwMDAwMDAwMDAwMH19",
          "dependencies": [
            "module.demo_database.snowflake_database.this",
            "module.demo_database.snowflake_database_role.rw",
            "module.engineer_role.snowflake_account_role.this"
          ]
        }
      ]
    },
    {
      "module": "module.engineer_role",
      "mode": "managed",
      "type": "snowflake_grant_privileges_to_account_role",
      "name": "warehouse_usage",
      "provider": "provider[\"registry.terraform.io/snowflakedb/snowflake\"]",
      "instances": [
        {
          "schema_version": 0,
          "attributes": {
            "account_role_name": "TEST_CICD_DEMO_TEST_ENGINEER",
            "all_privileges": false,
            "always_apply": false,
            "always_apply_trigger": null,
            "id": "\"TEST_CICD_DEMO_TEST_ENGINEER\"|false|false|USAGE|OnAccountObject|WAREHOUSE|\"TEST_CICD_DEMO_TEST_WH\"",
            "on_account": false,
            "on_account_object": [
              {
                "inherited": [],
                "object_name": "TEST_CICD_DEMO_TEST_WH",
                "object_type": "WAREHOUSE"
              }
            ],
            "on_schema": [],
            "on_schema_object": [],
            "privileges": [
              "USAGE"
            ],
            "strict_privilege_management": false,
            "timeouts": null,
            "with_grant_option": false
          },
          "sensitive_attributes": [],
          "identity_schema_version": 0,
          "private": "eyJlMmJmYjczMC1lY2FhLTExZTYtOGY4OC0zNDM2M2JjN2M0YzAiOnsiY3JlYXRlIjoxMjAwMDAwMDAwMDAwLCJkZWxldGUiOjEyMDAwMDAwMDAwMDAsInJlYWQiOjEyMDAwMDAwMDAwMDAsInVwZGF0ZSI6MTIwMDAwMDAwMDAwMH19",
          "dependencies": [
            "module.engineer_role.snowflake_account_role.this",
            "module.warehouse.snowflake_warehouse.this"
          ]
        }
      ]
    },
    {
      "module": "module.warehouse",
      "mode": "managed",
      "type": "snowflake_warehouse",
      "name": "this",
      "provider": "provider[\"registry.terraform.io/snowflakedb/snowflake\"]",
      "instances": [
        {
          "schema_version": 2,
          "attributes": {
            "auto_resume": "true",
            "auto_suspend": 60,
            "comment": "Compute for TEST_CICD_DEMO_TEST - managed by Terraform",
            "enable_query_acceleration": "default",
            "fully_qualified_name": "\"TEST_CICD_DEMO_TEST_WH\"",
            "generation": null,
            "id": "TEST_CICD_DEMO_TEST_WH",
            "initially_suspended": true,
            "max_cluster_count": null,
            "max_concurrency_level": 8,
            "min_cluster_count": null,
            "name": "TEST_CICD_DEMO_TEST_WH",
            "parameters": [
              {
                "max_concurrency_level": [
                  {
                    "default": "8",
                    "description": "Maximum number of SQL statements a warehouse cluster can execute concurrently before queuing them. Small SQL statements count as a fraction of 1.",
                    "key": "MAX_CONCURRENCY_LEVEL",
                    "level": "",
                    "value": "8"
                  }
                ],
                "statement_queued_timeout_in_seconds": [
                  {
                    "default": "0",
                    "description": "Timeout in seconds for queued statements: statements will automatically be canceled if they are queued on a warehouse for longer than this amount of time; disabled if set to zero.",
                    "key": "STATEMENT_QUEUED_TIMEOUT_IN_SECONDS",
                    "level": "",
                    "value": "0"
                  }
                ],
                "statement_timeout_in_seconds": [
                  {
                    "default": "172800",
                    "description": "Timeout in seconds for statements: statements are automatically canceled if they run for longer; if set to zero, max value (604800) is enforced.",
                    "key": "STATEMENT_TIMEOUT_IN_SECONDS",
                    "level": "",
                    "value": "172800"
                  }
                ]
              }
            ],
            "query_acceleration_max_scale_factor": -1,
            "resource_constraint": null,
            "resource_monitor": null,
            "scaling_policy": null,
            "show_output": [
              {
                "auto_resume": true,
                "auto_suspend": 60,
                "available": 0,
                "comment": "Compute for TEST_CICD_DEMO_TEST - managed by Terraform",
                "created_on": "2026-09-25 04:34:34.811 -0700 PDT",
                "enable_query_acceleration": true,
                "generation": "2",
                "is_current": false,
                "is_default": false,
                "max_cluster_count": 1,
                "min_cluster_count": 1,
                "name": "TEST_CICD_DEMO_TEST_WH",
                "other": 0,
                "owner": "TF_DEPLOY_ROLE",
                "owner_role_type": "ROLE",
                "provisioning": 0,
                "query_acceleration_max_scale_factor": 8,
                "queued": 0,
                "quiescing": 0,
                "resource_constraint": "",
                "resource_monitor": "",
                "resumed_on": "2026-09-25 04:34:34.817 -0700 PDT",
                "running": 0,
                "scaling_policy": "STANDARD",
                "size": "XSMALL",
                "started_clusters": 0,
                "state": "SUSPENDED",
                "type": "STANDARD",
                "updated_on": "2026-09-25 04:34:34.829 -0700 PDT"
              }
            ],
            "statement_queued_timeout_in_seconds": 0,
            "statement_timeout_in_seconds": 172800,
            "timeouts": null,
            "warehouse_size": "XSMALL",
            "warehouse_type": null
          },
          "sensitive_attributes": [],
          "identity_schema_version": 0,
          "private": "eyJlMmJmYjczMC1lY2FhLTExZTYtOGY4OC0zNDM2M2JjN2M0YzAiOnsiY3JlYXRlIjoxMjAwMDAwMDAwMDAwLCJkZWxldGUiOjEyMDAwMDAwMDAwMDAsInJlYWQiOjEyMDAwMDAwMDAwMDAsInVwZGF0ZSI6MTIwMDAwMDAwMDAwMH0sInNjaGVtYV92ZXJzaW9uIjoiMiJ9"
        }
      ]
    }
  ],
  "check_results": [
    {
      "object_kind": "var",
      "config_addr": "var.environment",
      "status": "pass",
      "objects": [
        {
          "object_addr": "var.environment",
          "status": "pass"
        }
      ]
    }
  ]
}
